PODS:
  - AFNetworking (3.1.0):
    - AFNetworking/NSURLSession (= 3.1.0)
    - AFNetworking/Reachability (= 3.1.0)
    - AFNetworking/Security (= 3.1.0)
    - AFNetworking/Serialization (= 3.1.0)
    - AFNetworking/UIKit (= 3.1.0)
  - AFNetworking/NSURLSession (3.1.0):
    - AFNetworking/Reachability
    - AFNetworking/Security
    - AFNetworking/Serialization
  - AFNetworking/Reachability (3.1.0)
  - AFNetworking/Security (3.1.0)
  - AFNetworking/Serialization (3.1.0)
  - AFNetworking/UIKit (3.1.0):
    - AFNetworking/NSURLSession
  - EGOCache (2.2.0)
  - EGOImageLoading (0.0.1):
    - EGOCache
  - FMDB (2.6.2):
    - FMDB/standard (= 2.6.2)
  - FMDB/standard (2.6.2)
  - HandyJSON (4.2.1)
  - JSONKit-NoWarning (1.2)
  - Kingfisher (5.1.0)
  - KMPlaceholderTextView (1.4.0)
  - LLCycleScrollView (1.5.2):
    - Kingfisher
  - MBProgressHUD (1.0.0)
  - MJExtension (3.0.15.1)
  - MJRefresh (2.4.12)
  - Reachability (3.2)
  - SwiftyJSON (4.1.0)
  - UzysAssetsPickerController (0.9.9)

DEPENDENCIES:
  - AFNetworking (~> 3.1.0)
  - EGOImageLoading (= 0.0.1)
  - FMDB (~> 2.6.2)
  - HandyJSON (~> 4.2.0)
  - JSONKit-NoWarning (= 1.2)
  - KMPlaceholderTextView (= 1.4.0)
  - LLCycleScrollView
  - MBProgressHUD (~> 1.0.0)
  - MJExtension (~> 3.0.13)
  - MJRefresh (~> 2.4.12)
  - Reachability (~> 3.2)
  - SwiftyJSON (= 4.1.0)
  - UzysAssetsPickerController (= 0.9.9)

SPEC REPOS:
  https://github.com/cocoapods/specs.git:
    - AFNetworking
    - EGOCache
    - EGOImageLoading
    - FMDB
    - HandyJSON
    - JSONKit-NoWarning
    - Kingfisher
    - KMPlaceholderTextView
    - LLCycleScrollView
    - MBProgressHUD
    - MJExtension
    - MJRefresh
    - Reachability
    - SwiftyJSON
    - UzysAssetsPickerController

SPEC CHECKSUMS:
  AFNetworking: 5e0e199f73d8626b11e79750991f5d173d1f8b67
  EGOCache: 191fd213da6804d487b49b1a91772ba904f3e324
  EGOImageLoading: 99d7c4a9fb5a192ab37979b63ea03efc7097fe8e
  FMDB: 854a0341b4726e53276f2a8996f06f1b80f9259a
  HandyJSON: d0c5fc80204f29056d59d3e5c4587fa0b16b60a8
  JSONKit-NoWarning: 3d27e6f9e6846ecf741e8c64dcadd7d5aa7193cb
  Kingfisher: fcec238063d17404fca89bf0a850583211c4cbf6
  KMPlaceholderTextView: 2206c3df39979e9396e2d96fa9f427a8951121b0
  LLCycleScrollView: abe3c5aa4c802a15bf43b172a8b1f312b9589e19
  MBProgressHUD: 4890f671c94e8a0f3cf959aa731e9de2f036d71a
  MJExtension: 19bc33ce2eee2d319760f5622562cf581a6ff756
  MJRefresh: ca8e9589895977df32d379d46e6b8a5450b3ff44
  Reachability: 33e18b67625424e47b6cde6d202dce689ad7af96
  SwiftyJSON: c29297daf073d2aa016295d5809cdd68045c39b3
  UzysAssetsPickerController: 47c27bd96955467925f3d4d80b1e2e8aaeff766d

PODFILE CHECKSUM: 386c75316a341b76bfbdc287ba91a7774cbd8079

COCOAPODS: 1.5.2
