// !$*UTF8*$!
{
	archiveVersion = 1;
	classes = {
	};
	objectVersion = 50;
	objects = {

/* Begin PBXBuildFile section */
		0922CE40226A15F10042A220 /* AliyunEmasServices-Info.plist in Resources */ = {isa = PBXBuildFile; fileRef = 0922CE3F226A15F10042A220 /* AliyunEmasServices-Info.plist */; };
		0922CE43226A1CBC0042A220 /* BaseOCViewController.m in Sources */ = {isa = PBXBuildFile; fileRef = 0922CE42226A1CBC0042A220 /* BaseOCViewController.m */; };
		0922CE46226A20450042A220 /* TitleIndexView.m in Sources */ = {isa = PBXBuildFile; fileRef = 0922CE45226A20450042A220 /* TitleIndexView.m */; };
		0922CE49226A206B0042A220 /* NSString+CalculateSize.m in Sources */ = {isa = PBXBuildFile; fileRef = 0922CE48226A206B0042A220 /* NSString+CalculateSize.m */; };
		0940C92C221CF97F00C7697B /* ViewController.swift in Sources */ = {isa = PBXBuildFile; fileRef = 0940C92B221CF97F00C7697B /* ViewController.swift */; };
		0940C92F221CF97F00C7697B /* Main.storyboard in Resources */ = {isa = PBXBuildFile; fileRef = 0940C92D221CF97F00C7697B /* Main.storyboard */; };
		0940C931221CF98100C7697B /* Assets.xcassets in Resources */ = {isa = PBXBuildFile; fileRef = 0940C930221CF98100C7697B /* Assets.xcassets */; };
		0940C934221CF98100C7697B /* LaunchScreen.storyboard in Resources */ = {isa = PBXBuildFile; fileRef = 0940C932221CF98100C7697B /* LaunchScreen.storyboard */; };
		0940C955221D034800C7697B /* MyConst.swift in Sources */ = {isa = PBXBuildFile; fileRef = 0940C93C221D034800C7697B /* MyConst.swift */; };
		0940C956221D034800C7697B /* MyMD5.m in Sources */ = {isa = PBXBuildFile; fileRef = 0940C93E221D034800C7697B /* MyMD5.m */; };
		0940C957221D034800C7697B /* UIColor+Extension.swift in Sources */ = {isa = PBXBuildFile; fileRef = 0940C941221D034800C7697B /* UIColor+Extension.swift */; };
		0940C958221D034800C7697B /* UIController+SelectImage.swift in Sources */ = {isa = PBXBuildFile; fileRef = 0940C942221D034800C7697B /* UIController+SelectImage.swift */; };
		0940C959221D034800C7697B /* YYRoute.swift in Sources */ = {isa = PBXBuildFile; fileRef = 0940C944221D034800C7697B /* YYRoute.swift */; };
		0940C95A221D034800C7697B /* YYNSessionManager.m in Sources */ = {isa = PBXBuildFile; fileRef = 0940C947221D034800C7697B /* YYNSessionManager.m */; };
		0940C95B221D034800C7697B /* CommonCellUtil.swift in Sources */ = {isa = PBXBuildFile; fileRef = 0940C949221D034800C7697B /* CommonCellUtil.swift */; };
		0940C95C221D034800C7697B /* JsonTransfer.swift in Sources */ = {isa = PBXBuildFile; fileRef = 0940C94A221D034800C7697B /* JsonTransfer.swift */; };
		0940C95D221D034800C7697B /* ActivityIndicator.swift in Sources */ = {isa = PBXBuildFile; fileRef = 0940C94D221D034800C7697B /* ActivityIndicator.swift */; };
		0940C95E221D034800C7697B /* ActivityIndicatorManager.m in Sources */ = {isa = PBXBuildFile; fileRef = 0940C94E221D034800C7697B /* ActivityIndicatorManager.m */; };
		0940C95F221D034800C7697B /* CommonUtils.swift in Sources */ = {isa = PBXBuildFile; fileRef = 0940C94F221D034800C7697B /* CommonUtils.swift */; };
		0940C960221D034800C7697B /* YYDateUtil.swift in Sources */ = {isa = PBXBuildFile; fileRef = 0940C950221D034800C7697B /* YYDateUtil.swift */; };
		0940C961221D034800C7697B /* ProgressHUD.m in Sources */ = {isa = PBXBuildFile; fileRef = 0940C954221D034800C7697B /* ProgressHUD.m */; };
		0940C9B9221D037300C7697B /* BaseViewController.swift in Sources */ = {isa = PBXBuildFile; fileRef = 0940C991221D037300C7697B /* BaseViewController.swift */; };
		0940C9BA221D037300C7697B /* BaseFormViewController.swift in Sources */ = {isa = PBXBuildFile; fileRef = 0940C992221D037300C7697B /* BaseFormViewController.swift */; };
		0940C9BB221D037300C7697B /* BaseInputViewController.swift in Sources */ = {isa = PBXBuildFile; fileRef = 0940C993221D037300C7697B /* BaseInputViewController.swift */; };
		0940C9BC221D037300C7697B /* BaseWebViewController.swift in Sources */ = {isa = PBXBuildFile; fileRef = 0940C994221D037300C7697B /* BaseWebViewController.swift */; };
		0940C9C3221D249C00C7697B /* Login.html in Resources */ = {isa = PBXBuildFile; fileRef = 0940C9C2221D249C00C7697B /* Login.html */; };
		0940C9C7221D30EA00C7697B /* mima.png in Resources */ = {isa = PBXBuildFile; fileRef = 0940C9C5221D30EA00C7697B /* mima.png */; };
		0940C9C8221D30EA00C7697B /* yhming.png in Resources */ = {isa = PBXBuildFile; fileRef = 0940C9C6221D30EA00C7697B /* yhming.png */; };
		0940C9E3221D323300C7697B /* KeyboardHeaderView.m in Sources */ = {isa = PBXBuildFile; fileRef = 0940C9CF221D323300C7697B /* KeyboardHeaderView.m */; };
		0940C9E4221D323300C7697B /* YYPickerView.swift in Sources */ = {isa = PBXBuildFile; fileRef = 0940C9D0221D323300C7697B /* YYPickerView.swift */; };
		0940C9E5221D323400C7697B /* 说明.txt in Resources */ = {isa = PBXBuildFile; fileRef = 0940C9D3221D323300C7697B /* 说明.txt */; };
		0940C9E6221D323400C7697B /* YYAlertController.swift in Sources */ = {isa = PBXBuildFile; fileRef = 0940C9D4221D323300C7697B /* YYAlertController.swift */; };
		0940C9E7221D323400C7697B /* TitleSwitchTableViewCell.xib in Resources */ = {isa = PBXBuildFile; fileRef = 0940C9D6221D323300C7697B /* TitleSwitchTableViewCell.xib */; };
		0940C9E8221D323400C7697B /* TitleValueTableViewCell.xib in Resources */ = {isa = PBXBuildFile; fileRef = 0940C9D7221D323300C7697B /* TitleValueTableViewCell.xib */; };
		0940C9E9221D323400C7697B /* TitleValueTableViewCell.swift in Sources */ = {isa = PBXBuildFile; fileRef = 0940C9D8221D323300C7697B /* TitleValueTableViewCell.swift */; };
		0940C9EA221D323400C7697B /* CommonBaseCell.swift in Sources */ = {isa = PBXBuildFile; fileRef = 0940C9D9221D323300C7697B /* CommonBaseCell.swift */; };
		0940C9EB221D323400C7697B /* TitleTextViewTableViewCell.swift in Sources */ = {isa = PBXBuildFile; fileRef = 0940C9DA221D323300C7697B /* TitleTextViewTableViewCell.swift */; };
		0940C9EC221D323400C7697B /* TitleTimeRangeTableViewCell.xib in Resources */ = {isa = PBXBuildFile; fileRef = 0940C9DB221D323300C7697B /* TitleTimeRangeTableViewCell.xib */; };
		0940C9ED221D323400C7697B /* TitleTimeRangeTableViewCell.swift in Sources */ = {isa = PBXBuildFile; fileRef = 0940C9DC221D323300C7697B /* TitleTimeRangeTableViewCell.swift */; };
		0940C9EE221D323400C7697B /* TitleSwitchTableViewCell.swift in Sources */ = {isa = PBXBuildFile; fileRef = 0940C9DD221D323300C7697B /* TitleSwitchTableViewCell.swift */; };
		0940C9EF221D323400C7697B /* TitleTextViewTableViewCell.xib in Resources */ = {isa = PBXBuildFile; fileRef = 0940C9DE221D323300C7697B /* TitleTextViewTableViewCell.xib */; };
		0940C9F0221D323400C7697B /* TabbarView.swift in Sources */ = {isa = PBXBuildFile; fileRef = 0940C9E0221D323300C7697B /* TabbarView.swift */; };
		0940C9F1221D323400C7697B /* YYDatePickerView.swift in Sources */ = {isa = PBXBuildFile; fileRef = 0940C9E2221D323300C7697B /* YYDatePickerView.swift */; };
		0940C9F3221D32C300C7697B /* AppDelegate.swift in Sources */ = {isa = PBXBuildFile; fileRef = 0940C9F2221D32C300C7697B /* AppDelegate.swift */; };
		0940C9F6221D32E700C7697B /* MainViewController.swift in Sources */ = {isa = PBXBuildFile; fileRef = 0940C9F5221D32E700C7697B /* MainViewController.swift */; };
		0940C9FB221D34A500C7697B /* HomePageViewController.swift in Sources */ = {isa = PBXBuildFile; fileRef = 0940C9FA221D34A500C7697B /* HomePageViewController.swift */; };
		0940C9FE221D34BB00C7697B /* TaskViewController.swift in Sources */ = {isa = PBXBuildFile; fileRef = 0940C9FD221D34BB00C7697B /* TaskViewController.swift */; };
		0940CA01221D34D000C7697B /* MineViewController.swift in Sources */ = {isa = PBXBuildFile; fileRef = 0940CA00221D34D000C7697B /* MineViewController.swift */; };
		0940CA04221D353400C7697B /* WorkFinderTabbar.plist in Resources */ = {isa = PBXBuildFile; fileRef = 0940CA03221D353400C7697B /* WorkFinderTabbar.plist */; };
		0940CA07221D53EE00C7697B /* TaskListCell.swift in Sources */ = {isa = PBXBuildFile; fileRef = 0940CA05221D53EE00C7697B /* TaskListCell.swift */; };
		0940CA08221D53EE00C7697B /* TaskListCell.xib in Resources */ = {isa = PBXBuildFile; fileRef = 0940CA06221D53EE00C7697B /* TaskListCell.xib */; };
		0940CA0A221D54CD00C7697B /* TaskList.html in Resources */ = {isa = PBXBuildFile; fileRef = 0940CA09221D54CD00C7697B /* TaskList.html */; };
		0940CA0C221D5B7400C7697B /* dianj.png in Resources */ = {isa = PBXBuildFile; fileRef = 0940CA0B221D5B7400C7697B /* dianj.png */; };
		0940CA0E221D609300C7697B /* Mine.plist in Resources */ = {isa = PBXBuildFile; fileRef = 0940CA0D221D609300C7697B /* Mine.plist */; };
		0940CA11221D61DB00C7697B /* IconTitleCell.swift in Sources */ = {isa = PBXBuildFile; fileRef = 0940CA0F221D61DB00C7697B /* IconTitleCell.swift */; };
		0940CA12221D61DB00C7697B /* IconTitleCell.xib in Resources */ = {isa = PBXBuildFile; fileRef = 0940CA10221D61DB00C7697B /* IconTitleCell.xib */; };
		0940CA15221D647E00C7697B /* MineHeaderCell.swift in Sources */ = {isa = PBXBuildFile; fileRef = 0940CA13221D647E00C7697B /* MineHeaderCell.swift */; };
		0940CA16221D647E00C7697B /* MineHeaderCell.xib in Resources */ = {isa = PBXBuildFile; fileRef = 0940CA14221D647E00C7697B /* MineHeaderCell.xib */; };
		09434FFC226810E4000A7777 /* CGFloat+Utils.swift in Sources */ = {isa = PBXBuildFile; fileRef = 09434FFB226810E4000A7777 /* CGFloat+Utils.swift */; };
		09434FFE22681985000A7777 /* Array+Utils.swift in Sources */ = {isa = PBXBuildFile; fileRef = 09434FFD22681985000A7777 /* Array+Utils.swift */; };
		09483FB2221EA3DD002D4937 /* HomePage.html in Resources */ = {isa = PBXBuildFile; fileRef = 09483FB1221EA3DD002D4937 /* HomePage.html */; };
		09483FB5221EA931002D4937 /* 扫一扫@2x.png in Resources */ = {isa = PBXBuildFile; fileRef = 09483FB3221EA931002D4937 /* 扫一扫@2x.png */; };
		09483FB6221EA931002D4937 /* 日报@2x.png in Resources */ = {isa = PBXBuildFile; fileRef = 09483FB4221EA931002D4937 /* 日报@2x.png */; };
		09483FCB221EAE92002D4937 /* ECQRCodeScanVC.m in Sources */ = {isa = PBXBuildFile; fileRef = 09483FBB221EAE92002D4937 /* ECQRCodeScanVC.m */; };
		09483FCF221EAE92002D4937 /* ECScanResultVC.m in Sources */ = {isa = PBXBuildFile; fileRef = 09483FC3221EAE92002D4937 /* ECScanResultVC.m */; };
		09483FD0221EAE92002D4937 /* ECScanResultWebView.m in Sources */ = {isa = PBXBuildFile; fileRef = 09483FC5221EAE92002D4937 /* ECScanResultWebView.m */; };
		09483FD1221EAE92002D4937 /* ECScanResultView.m in Sources */ = {isa = PBXBuildFile; fileRef = 09483FC6221EAE92002D4937 /* ECScanResultView.m */; };
		09483FD2221EAE92002D4937 /* ECQRCodeScanView.m in Sources */ = {isa = PBXBuildFile; fileRef = 09483FC9221EAE92002D4937 /* ECQRCodeScanView.m */; };
		098B7934226309E6003B893B /* LoginViewController.xib in Resources */ = {isa = PBXBuildFile; fileRef = 098B7932226309E6003B893B /* LoginViewController.xib */; };
		098B7935226309E6003B893B /* LoginViewController.swift in Sources */ = {isa = PBXBuildFile; fileRef = 098B7933226309E6003B893B /* LoginViewController.swift */; };
		098B793B22630D03003B893B /* AccountHelper.swift in Sources */ = {isa = PBXBuildFile; fileRef = 098B793822630D03003B893B /* AccountHelper.swift */; };
		098B793C22630D03003B893B /* SMSHelper.swift in Sources */ = {isa = PBXBuildFile; fileRef = 098B793922630D03003B893B /* SMSHelper.swift */; };
		098B793F22630D4C003B893B /* YYNCache.swift in Sources */ = {isa = PBXBuildFile; fileRef = 098B793E22630D4C003B893B /* YYNCache.swift */; };
		098B794322630DD6003B893B /* UserModel.swift in Sources */ = {isa = PBXBuildFile; fileRef = 098B794122630DD6003B893B /* UserModel.swift */; };
		098B794422630DD6003B893B /* CommonCellDataModel.swift in Sources */ = {isa = PBXBuildFile; fileRef = 098B794222630DD6003B893B /* CommonCellDataModel.swift */; };
		098B79462263272C003B893B /* DaylyRecord.plist in Resources */ = {isa = PBXBuildFile; fileRef = 098B79452263272C003B893B /* DaylyRecord.plist */; };
		098B794822632B24003B893B /* DaylyRecordViewController.swift in Sources */ = {isa = PBXBuildFile; fileRef = 098B794722632B24003B893B /* DaylyRecordViewController.swift */; };
		098B794B22632CD2003B893B /* YYNPickerView.m in Sources */ = {isa = PBXBuildFile; fileRef = 098B794922632CD2003B893B /* YYNPickerView.m */; };
		098B794D22632D99003B893B /* CommonOptionsModel.swift in Sources */ = {isa = PBXBuildFile; fileRef = 098B794C22632D99003B893B /* CommonOptionsModel.swift */; };
		098B795022633E52003B893B /* TitleValueVTableViewCell.swift in Sources */ = {isa = PBXBuildFile; fileRef = 098B794E22633E52003B893B /* TitleValueVTableViewCell.swift */; };
		098B795122633E52003B893B /* TitleValueVTableViewCell.xib in Resources */ = {isa = PBXBuildFile; fileRef = 098B794F22633E52003B893B /* TitleValueVTableViewCell.xib */; };
		0990C9D5226C7E7400276373 /* PlanFormInput.plist in Resources */ = {isa = PBXBuildFile; fileRef = 0990C9D4226C7E7400276373 /* PlanFormInput.plist */; };
		0990C9DA226C849400276373 /* PlanFormInputController.swift in Sources */ = {isa = PBXBuildFile; fileRef = 0990C9D9226C849400276373 /* PlanFormInputController.swift */; };
		0990C9DD226CAFF900276373 /* NSObject+Utils.m in Sources */ = {isa = PBXBuildFile; fileRef = 0990C9DC226CAFF900276373 /* NSObject+Utils.m */; };
		0990C9E2226CB13000276373 /* MultipleInputCell.swift in Sources */ = {isa = PBXBuildFile; fileRef = 0990C9E1226CB13000276373 /* MultipleInputCell.swift */; };
		0990C9E4226CB17D00276373 /* MultipleInputCell.xib in Resources */ = {isa = PBXBuildFile; fileRef = 0990C9E3226CB17D00276373 /* MultipleInputCell.xib */; };
		09A476E5226AE13600C5F922 /* HandyJson+Extension.swift in Sources */ = {isa = PBXBuildFile; fileRef = 09A476E4226AE13600C5F922 /* HandyJson+Extension.swift */; };
		09B7F440226A231D0096F056 /* DMLazyScrollView.m in Sources */ = {isa = PBXBuildFile; fileRef = 09B7F43E226A231D0096F056 /* DMLazyScrollView.m */; };
		09B7F444226A23DB0096F056 /* CheckUPViewController.m in Sources */ = {isa = PBXBuildFile; fileRef = 09B7F443226A23DB0096F056 /* CheckUPViewController.m */; };
		09B7F448226A2D6E0096F056 /* CheckUPDeviceInfoCell.m in Sources */ = {isa = PBXBuildFile; fileRef = 09B7F446226A2D6E0096F056 /* CheckUPDeviceInfoCell.m */; };
		09B7F449226A2D6E0096F056 /* CheckUPDeviceInfoCell.xib in Resources */ = {isa = PBXBuildFile; fileRef = 09B7F447226A2D6E0096F056 /* CheckUPDeviceInfoCell.xib */; };
		09B7F44D226A2D9E0096F056 /* CheckUPStandardsCell.m in Sources */ = {isa = PBXBuildFile; fileRef = 09B7F44B226A2D9E0096F056 /* CheckUPStandardsCell.m */; };
		09B7F44E226A2D9E0096F056 /* CheckUPStandardsCell.xib in Resources */ = {isa = PBXBuildFile; fileRef = 09B7F44C226A2D9E0096F056 /* CheckUPStandardsCell.xib */; };
		09B7F451226A2FE00096F056 /* CheckUPModel.m in Sources */ = {isa = PBXBuildFile; fileRef = 09B7F450226A2FE00096F056 /* CheckUPModel.m */; };
		09F26BE42269DA7D00E9DF64 /* TaskDetailViewController.m in Sources */ = {isa = PBXBuildFile; fileRef = 09F26BE32269DA7D00E9DF64 /* TaskDetailViewController.m */; };
		09F687B5226A31450016D0B4 /* JsonStringTransfer.m in Sources */ = {isa = PBXBuildFile; fileRef = 09F687B4226A31450016D0B4 /* JsonStringTransfer.m */; };
		09F687B8226A32E20016D0B4 /* UILabel+YYNExtension.m in Sources */ = {isa = PBXBuildFile; fileRef = 09F687B7226A32E20016D0B4 /* UILabel+YYNExtension.m */; };
		09F687C4226ABE540016D0B4 /* PushUtils.m in Sources */ = {isa = PBXBuildFile; fileRef = 09F687C3226ABE540016D0B4 /* PushUtils.m */; };
		4CCC1DF0FCF8C789A8954F12 /* Pods_KChecker.framework in Frameworks */ = {isa = PBXBuildFile; fileRef = 76F0D7AC548AF54E233D8932 /* Pods_KChecker.framework */; };
		BEC078752269F25C00327423 /* NSString+CalculateSize.m in Sources */ = {isa = PBXBuildFile; fileRef = BEC078732269F25B00327423 /* NSString+CalculateSize.m */; };
		BECD4077226D9EFF00FFF07C /* OilingPlanViewController.m in Sources */ = {isa = PBXBuildFile; fileRef = BECD4076226D9EFF00FFF07C /* OilingPlanViewController.m */; };
		BECD407A226DA69D00FFF07C /* OilingStandardsCell.m in Sources */ = {isa = PBXBuildFile; fileRef = BECD4079226DA69D00FFF07C /* OilingStandardsCell.m */; };
		BECD407E226DAA9B00FFF07C /* OilingStandardsCell.xib in Resources */ = {isa = PBXBuildFile; fileRef = BECD407D226DAA9B00FFF07C /* OilingStandardsCell.xib */; };
		BED675F822696F0200591AA2 /* CheckViewController.swift in Sources */ = {isa = PBXBuildFile; fileRef = BED675F722696F0200591AA2 /* CheckViewController.swift */; };
		BED675FA226973F200591AA2 /* OilingViewController.swift in Sources */ = {isa = PBXBuildFile; fileRef = BED675F9226973F100591AA2 /* OilingViewController.swift */; };
		BED675FC2269748000591AA2 /* MaintainViewController.swift in Sources */ = {isa = PBXBuildFile; fileRef = BED675FB2269748000591AA2 /* MaintainViewController.swift */; };
		BED675FE2269749000591AA2 /* LogViewController.swift in Sources */ = {isa = PBXBuildFile; fileRef = BED675FD2269749000591AA2 /* LogViewController.swift */; };
		BED676002269749E00591AA2 /* SettingViewController.swift in Sources */ = {isa = PBXBuildFile; fileRef = BED675FF2269749E00591AA2 /* SettingViewController.swift */; };
		BED6760622699E4600591AA2 /* SettingTableViewController.m in Sources */ = {isa = PBXBuildFile; fileRef = BED6760522699E4600591AA2 /* SettingTableViewController.m */; };
		BED6760822699F5900591AA2 /* Setting.plist in Resources */ = {isa = PBXBuildFile; fileRef = BED6760722699F5900591AA2 /* Setting.plist */; };
		BED6760B2269A19700591AA2 /* SettingTableViewCell.m in Sources */ = {isa = PBXBuildFile; fileRef = BED6760A2269A19700591AA2 /* SettingTableViewCell.m */; };
		BED676122269A3C900591AA2 /* NSArray+Ex.m in Sources */ = {isa = PBXBuildFile; fileRef = BED6760E2269A3C900591AA2 /* NSArray+Ex.m */; };
		BED676132269A3C900591AA2 /* NSDictionary+EX.m in Sources */ = {isa = PBXBuildFile; fileRef = BED6760F2269A3C900591AA2 /* NSDictionary+EX.m */; };
		BED676162269A8A600591AA2 /* SettingModel.m in Sources */ = {isa = PBXBuildFile; fileRef = BED676152269A8A600591AA2 /* SettingModel.m */; };
/* End PBXBuildFile section */

/* Begin PBXFileReference section */
		0922CE3F226A15F10042A220 /* AliyunEmasServices-Info.plist */ = {isa = PBXFileReference; fileEncoding = 4; lastKnownFileType = text.plist.xml; path = "AliyunEmasServices-Info.plist"; sourceTree = "<group>"; };
		0922CE41226A1CBC0042A220 /* BaseOCViewController.h */ = {isa = PBXFileReference; lastKnownFileType = sourcecode.c.h; path = BaseOCViewController.h; sourceTree = "<group>"; };
		0922CE42226A1CBC0042A220 /* BaseOCViewController.m */ = {isa = PBXFileReference; lastKnownFileType = sourcecode.c.objc; path = BaseOCViewController.m; sourceTree = "<group>"; };
		0922CE44226A20450042A220 /* TitleIndexView.h */ = {isa = PBXFileReference; fileEncoding = 4; lastKnownFileType = sourcecode.c.h; path = TitleIndexView.h; sourceTree = "<group>"; };
		0922CE45226A20450042A220 /* TitleIndexView.m */ = {isa = PBXFileReference; fileEncoding = 4; lastKnownFileType = sourcecode.c.objc; path = TitleIndexView.m; sourceTree = "<group>"; };
		0922CE47226A206B0042A220 /* NSString+CalculateSize.h */ = {isa = PBXFileReference; fileEncoding = 4; lastKnownFileType = sourcecode.c.h; path = "NSString+CalculateSize.h"; sourceTree = "<group>"; };
		0922CE48226A206B0042A220 /* NSString+CalculateSize.m */ = {isa = PBXFileReference; fileEncoding = 4; lastKnownFileType = sourcecode.c.objc; path = "NSString+CalculateSize.m"; sourceTree = "<group>"; };
		0940C926221CF97F00C7697B /* KChecker.app */ = {isa = PBXFileReference; explicitFileType = wrapper.application; includeInIndex = 0; path = KChecker.app; sourceTree = BUILT_PRODUCTS_DIR; };
		0940C92B221CF97F00C7697B /* ViewController.swift */ = {isa = PBXFileReference; lastKnownFileType = sourcecode.swift; path = ViewController.swift; sourceTree = "<group>"; };
		0940C92E221CF97F00C7697B /* Base */ = {isa = PBXFileReference; lastKnownFileType = file.storyboard; name = Base; path = Base.lproj/Main.storyboard; sourceTree = "<group>"; };
		0940C930221CF98100C7697B /* Assets.xcassets */ = {isa = PBXFileReference; lastKnownFileType = folder.assetcatalog; path = Assets.xcassets; sourceTree = "<group>"; };
		0940C933221CF98100C7697B /* Base */ = {isa = PBXFileReference; lastKnownFileType = file.storyboard; name = Base; path = Base.lproj/LaunchScreen.storyboard; sourceTree = "<group>"; };
		0940C935221CF98100C7697B /* Info.plist */ = {isa = PBXFileReference; lastKnownFileType = text.plist.xml; path = Info.plist; sourceTree = "<group>"; };
		0940C93C221D034800C7697B /* MyConst.swift */ = {isa = PBXFileReference; fileEncoding = 4; lastKnownFileType = sourcecode.swift; path = MyConst.swift; sourceTree = "<group>"; };
		0940C93E221D034800C7697B /* MyMD5.m */ = {isa = PBXFileReference; fileEncoding = 4; lastKnownFileType = sourcecode.c.objc; path = MyMD5.m; sourceTree = "<group>"; };
		0940C93F221D034800C7697B /* MyMD5.h */ = {isa = PBXFileReference; fileEncoding = 4; lastKnownFileType = sourcecode.c.h; path = MyMD5.h; sourceTree = "<group>"; };
		0940C941221D034800C7697B /* UIColor+Extension.swift */ = {isa = PBXFileReference; fileEncoding = 4; lastKnownFileType = sourcecode.swift; path = "UIColor+Extension.swift"; sourceTree = "<group>"; };
		0940C942221D034800C7697B /* UIController+SelectImage.swift */ = {isa = PBXFileReference; fileEncoding = 4; lastKnownFileType = sourcecode.swift; path = "UIController+SelectImage.swift"; sourceTree = "<group>"; };
		0940C944221D034800C7697B /* YYRoute.swift */ = {isa = PBXFileReference; fileEncoding = 4; lastKnownFileType = sourcecode.swift; path = YYRoute.swift; sourceTree = "<group>"; };
		0940C946221D034800C7697B /* YYNSessionManager.h */ = {isa = PBXFileReference; fileEncoding = 4; lastKnownFileType = sourcecode.c.h; path = YYNSessionManager.h; sourceTree = "<group>"; };
		0940C947221D034800C7697B /* YYNSessionManager.m */ = {isa = PBXFileReference; fileEncoding = 4; lastKnownFileType = sourcecode.c.objc; path = YYNSessionManager.m; sourceTree = "<group>"; };
		0940C949221D034800C7697B /* CommonCellUtil.swift */ = {isa = PBXFileReference; fileEncoding = 4; lastKnownFileType = sourcecode.swift; path = CommonCellUtil.swift; sourceTree = "<group>"; };
		0940C94A221D034800C7697B /* JsonTransfer.swift */ = {isa = PBXFileReference; fileEncoding = 4; lastKnownFileType = sourcecode.swift; path = JsonTransfer.swift; sourceTree = "<group>"; };
		0940C94C221D034800C7697B /* ActivityIndicatorManager.h */ = {isa = PBXFileReference; fileEncoding = 4; lastKnownFileType = sourcecode.c.h; path = ActivityIndicatorManager.h; sourceTree = "<group>"; };
		0940C94D221D034800C7697B /* ActivityIndicator.swift */ = {isa = PBXFileReference; fileEncoding = 4; lastKnownFileType = sourcecode.swift; path = ActivityIndicator.swift; sourceTree = "<group>"; };
		0940C94E221D034800C7697B /* ActivityIndicatorManager.m */ = {isa = PBXFileReference; fileEncoding = 4; lastKnownFileType = sourcecode.c.objc; path = ActivityIndicatorManager.m; sourceTree = "<group>"; };
		0940C94F221D034800C7697B /* CommonUtils.swift */ = {isa = PBXFileReference; fileEncoding = 4; lastKnownFileType = sourcecode.swift; path = CommonUtils.swift; sourceTree = "<group>"; };
		0940C950221D034800C7697B /* YYDateUtil.swift */ = {isa = PBXFileReference; fileEncoding = 4; lastKnownFileType = sourcecode.swift; path = YYDateUtil.swift; sourceTree = "<group>"; };
		0940C953221D034800C7697B /* ProgressHUD.h */ = {isa = PBXFileReference; fileEncoding = 4; lastKnownFileType = sourcecode.c.h; path = ProgressHUD.h; sourceTree = "<group>"; };
		0940C954221D034800C7697B /* ProgressHUD.m */ = {isa = PBXFileReference; fileEncoding = 4; lastKnownFileType = sourcecode.c.objc; path = ProgressHUD.m; sourceTree = "<group>"; };
		0940C991221D037300C7697B /* BaseViewController.swift */ = {isa = PBXFileReference; fileEncoding = 4; lastKnownFileType = sourcecode.swift; path = BaseViewController.swift; sourceTree = "<group>"; };
		0940C992221D037300C7697B /* BaseFormViewController.swift */ = {isa = PBXFileReference; fileEncoding = 4; lastKnownFileType = sourcecode.swift; path = BaseFormViewController.swift; sourceTree = "<group>"; };
		0940C993221D037300C7697B /* BaseInputViewController.swift */ = {isa = PBXFileReference; fileEncoding = 4; lastKnownFileType = sourcecode.swift; path = BaseInputViewController.swift; sourceTree = "<group>"; };
		0940C994221D037300C7697B /* BaseWebViewController.swift */ = {isa = PBXFileReference; fileEncoding = 4; lastKnownFileType = sourcecode.swift; path = BaseWebViewController.swift; sourceTree = "<group>"; };
		0940C9C2221D249C00C7697B /* Login.html */ = {isa = PBXFileReference; fileEncoding = 4; lastKnownFileType = text.html; path = Login.html; sourceTree = "<group>"; };
		0940C9C5221D30EA00C7697B /* mima.png */ = {isa = PBXFileReference; lastKnownFileType = image.png; path = mima.png; sourceTree = "<group>"; };
		0940C9C6221D30EA00C7697B /* yhming.png */ = {isa = PBXFileReference; lastKnownFileType = image.png; path = yhming.png; sourceTree = "<group>"; };
		0940C9CF221D323300C7697B /* KeyboardHeaderView.m */ = {isa = PBXFileReference; fileEncoding = 4; lastKnownFileType = sourcecode.c.objc; path = KeyboardHeaderView.m; sourceTree = "<group>"; };
		0940C9D0221D323300C7697B /* YYPickerView.swift */ = {isa = PBXFileReference; fileEncoding = 4; lastKnownFileType = sourcecode.swift; path = YYPickerView.swift; sourceTree = "<group>"; };
		0940C9D1221D323300C7697B /* KeyboardHeaderView.h */ = {isa = PBXFileReference; fileEncoding = 4; lastKnownFileType = sourcecode.c.h; path = KeyboardHeaderView.h; sourceTree = "<group>"; };
		0940C9D3221D323300C7697B /* 说明.txt */ = {isa = PBXFileReference; fileEncoding = 4; lastKnownFileType = text; path = "说明.txt"; sourceTree = "<group>"; };
		0940C9D4221D323300C7697B /* YYAlertController.swift */ = {isa = PBXFileReference; fileEncoding = 4; lastKnownFileType = sourcecode.swift; path = YYAlertController.swift; sourceTree = "<group>"; };
		0940C9D6221D323300C7697B /* TitleSwitchTableViewCell.xib */ = {isa = PBXFileReference; fileEncoding = 4; lastKnownFileType = file.xib; path = TitleSwitchTableViewCell.xib; sourceTree = "<group>"; };
		0940C9D7221D323300C7697B /* TitleValueTableViewCell.xib */ = {isa = PBXFileReference; fileEncoding = 4; lastKnownFileType = file.xib; path = TitleValueTableViewCell.xib; sourceTree = "<group>"; };
		0940C9D8221D323300C7697B /* TitleValueTableViewCell.swift */ = {isa = PBXFileReference; fileEncoding = 4; lastKnownFileType = sourcecode.swift; path = TitleValueTableViewCell.swift; sourceTree = "<group>"; };
		0940C9D9221D323300C7697B /* CommonBaseCell.swift */ = {isa = PBXFileReference; fileEncoding = 4; lastKnownFileType = sourcecode.swift; path = CommonBaseCell.swift; sourceTree = "<group>"; };
		0940C9DA221D323300C7697B /* TitleTextViewTableViewCell.swift */ = {isa = PBXFileReference; fileEncoding = 4; lastKnownFileType = sourcecode.swift; path = TitleTextViewTableViewCell.swift; sourceTree = "<group>"; };
		0940C9DB221D323300C7697B /* TitleTimeRangeTableViewCell.xib */ = {isa = PBXFileReference; fileEncoding = 4; lastKnownFileType = file.xib; path = TitleTimeRangeTableViewCell.xib; sourceTree = "<group>"; };
		0940C9DC221D323300C7697B /* TitleTimeRangeTableViewCell.swift */ = {isa = PBXFileReference; fileEncoding = 4; lastKnownFileType = sourcecode.swift; path = TitleTimeRangeTableViewCell.swift; sourceTree = "<group>"; };
		0940C9DD221D323300C7697B /* TitleSwitchTableViewCell.swift */ = {isa = PBXFileReference; fileEncoding = 4; lastKnownFileType = sourcecode.swift; path = TitleSwitchTableViewCell.swift; sourceTree = "<group>"; };
		0940C9DE221D323300C7697B /* TitleTextViewTableViewCell.xib */ = {isa = PBXFileReference; fileEncoding = 4; lastKnownFileType = file.xib; path = TitleTextViewTableViewCell.xib; sourceTree = "<group>"; };
		0940C9E0221D323300C7697B /* TabbarView.swift */ = {isa = PBXFileReference; fileEncoding = 4; lastKnownFileType = sourcecode.swift; path = TabbarView.swift; sourceTree = "<group>"; };
		0940C9E2221D323300C7697B /* YYDatePickerView.swift */ = {isa = PBXFileReference; fileEncoding = 4; lastKnownFileType = sourcecode.swift; path = YYDatePickerView.swift; sourceTree = "<group>"; };
		0940C9F2221D32C300C7697B /* AppDelegate.swift */ = {isa = PBXFileReference; fileEncoding = 4; lastKnownFileType = sourcecode.swift; path = AppDelegate.swift; sourceTree = "<group>"; };
		0940C9F5221D32E700C7697B /* MainViewController.swift */ = {isa = PBXFileReference; fileEncoding = 4; lastKnownFileType = sourcecode.swift; path = MainViewController.swift; sourceTree = "<group>"; };
		0940C9F7221D334F00C7697B /* KChecker-Bridging-Header.h */ = {isa = PBXFileReference; fileEncoding = 4; lastKnownFileType = sourcecode.c.h; path = "KChecker-Bridging-Header.h"; sourceTree = "<group>"; };
		0940C9F8221D343500C7697B /* Definition.pch */ = {isa = PBXFileReference; fileEncoding = 4; lastKnownFileType = sourcecode.c.h; path = Definition.pch; sourceTree = "<group>"; };
		0940C9FA221D34A500C7697B /* HomePageViewController.swift */ = {isa = PBXFileReference; lastKnownFileType = sourcecode.swift; path = HomePageViewController.swift; sourceTree = "<group>"; };
		0940C9FD221D34BB00C7697B /* TaskViewController.swift */ = {isa = PBXFileReference; lastKnownFileType = sourcecode.swift; path = TaskViewController.swift; sourceTree = "<group>"; };
		0940CA00221D34D000C7697B /* MineViewController.swift */ = {isa = PBXFileReference; lastKnownFileType = sourcecode.swift; path = MineViewController.swift; sourceTree = "<group>"; };
		0940CA03221D353400C7697B /* WorkFinderTabbar.plist */ = {isa = PBXFileReference; fileEncoding = 4; lastKnownFileType = text.plist.xml; path = WorkFinderTabbar.plist; sourceTree = "<group>"; };
		0940CA05221D53EE00C7697B /* TaskListCell.swift */ = {isa = PBXFileReference; lastKnownFileType = sourcecode.swift; path = TaskListCell.swift; sourceTree = "<group>"; };
		0940CA06221D53EE00C7697B /* TaskListCell.xib */ = {isa = PBXFileReference; lastKnownFileType = file.xib; path = TaskListCell.xib; sourceTree = "<group>"; };
		0940CA09221D54CD00C7697B /* TaskList.html */ = {isa = PBXFileReference; fileEncoding = 4; lastKnownFileType = text.html; path = TaskList.html; sourceTree = "<group>"; };
		0940CA0B221D5B7400C7697B /* dianj.png */ = {isa = PBXFileReference; lastKnownFileType = image.png; path = dianj.png; sourceTree = "<group>"; };
		0940CA0D221D609300C7697B /* Mine.plist */ = {isa = PBXFileReference; lastKnownFileType = text.plist.xml; path = Mine.plist; sourceTree = "<group>"; };
		0940CA0F221D61DB00C7697B /* IconTitleCell.swift */ = {isa = PBXFileReference; lastKnownFileType = sourcecode.swift; path = IconTitleCell.swift; sourceTree = "<group>"; };
		0940CA10221D61DB00C7697B /* IconTitleCell.xib */ = {isa = PBXFileReference; lastKnownFileType = file.xib; path = IconTitleCell.xib; sourceTree = "<group>"; };
		0940CA13221D647E00C7697B /* MineHeaderCell.swift */ = {isa = PBXFileReference; lastKnownFileType = sourcecode.swift; path = MineHeaderCell.swift; sourceTree = "<group>"; };
		0940CA14221D647E00C7697B /* MineHeaderCell.xib */ = {isa = PBXFileReference; lastKnownFileType = file.xib; path = MineHeaderCell.xib; sourceTree = "<group>"; };
		09434FFB226810E4000A7777 /* CGFloat+Utils.swift */ = {isa = PBXFileReference; fileEncoding = 4; lastKnownFileType = sourcecode.swift; path = "CGFloat+Utils.swift"; sourceTree = "<group>"; };
		09434FFD22681985000A7777 /* Array+Utils.swift */ = {isa = PBXFileReference; lastKnownFileType = sourcecode.swift; path = "Array+Utils.swift"; sourceTree = "<group>"; };
		09483FB1221EA3DD002D4937 /* HomePage.html */ = {isa = PBXFileReference; fileEncoding = 4; lastKnownFileType = text.html; path = HomePage.html; sourceTree = "<group>"; };
		09483FB3221EA931002D4937 /* 扫一扫@2x.png */ = {isa = PBXFileReference; lastKnownFileType = image.png; path = "扫一扫@2x.png"; sourceTree = "<group>"; };
		09483FB4221EA931002D4937 /* 日报@2x.png */ = {isa = PBXFileReference; lastKnownFileType = image.png; path = "日报@2x.png"; sourceTree = "<group>"; };
		09483FBB221EAE92002D4937 /* ECQRCodeScanVC.m */ = {isa = PBXFileReference; fileEncoding = 4; lastKnownFileType = sourcecode.c.objc; path = ECQRCodeScanVC.m; sourceTree = "<group>"; };
		09483FBD221EAE92002D4937 /* ECScanResultVC.h */ = {isa = PBXFileReference; fileEncoding = 4; lastKnownFileType = sourcecode.c.h; path = ECScanResultVC.h; sourceTree = "<group>"; };
		09483FBF221EAE92002D4937 /* ECQRCodeScanVC.h */ = {isa = PBXFileReference; fileEncoding = 4; lastKnownFileType = sourcecode.c.h; path = ECQRCodeScanVC.h; sourceTree = "<group>"; };
		09483FC3221EAE92002D4937 /* ECScanResultVC.m */ = {isa = PBXFileReference; fileEncoding = 4; lastKnownFileType = sourcecode.c.objc; path = ECScanResultVC.m; sourceTree = "<group>"; };
		09483FC5221EAE92002D4937 /* ECScanResultWebView.m */ = {isa = PBXFileReference; fileEncoding = 4; lastKnownFileType = sourcecode.c.objc; path = ECScanResultWebView.m; sourceTree = "<group>"; };
		09483FC6221EAE92002D4937 /* ECScanResultView.m */ = {isa = PBXFileReference; fileEncoding = 4; lastKnownFileType = sourcecode.c.objc; path = ECScanResultView.m; sourceTree = "<group>"; };
		09483FC7221EAE92002D4937 /* ECQRCodeScanView.h */ = {isa = PBXFileReference; fileEncoding = 4; lastKnownFileType = sourcecode.c.h; path = ECQRCodeScanView.h; sourceTree = "<group>"; };
		09483FC8221EAE92002D4937 /* ECScanResultWebView.h */ = {isa = PBXFileReference; fileEncoding = 4; lastKnownFileType = sourcecode.c.h; path = ECScanResultWebView.h; sourceTree = "<group>"; };
		09483FC9221EAE92002D4937 /* ECQRCodeScanView.m */ = {isa = PBXFileReference; fileEncoding = 4; lastKnownFileType = sourcecode.c.objc; path = ECQRCodeScanView.m; sourceTree = "<group>"; };
		09483FCA221EAE92002D4937 /* ECScanResultView.h */ = {isa = PBXFileReference; fileEncoding = 4; lastKnownFileType = sourcecode.c.h; path = ECScanResultView.h; sourceTree = "<group>"; };
		098B7932226309E6003B893B /* LoginViewController.xib */ = {isa = PBXFileReference; fileEncoding = 4; lastKnownFileType = file.xib; path = LoginViewController.xib; sourceTree = "<group>"; };
		098B7933226309E6003B893B /* LoginViewController.swift */ = {isa = PBXFileReference; fileEncoding = 4; lastKnownFileType = sourcecode.swift; path = LoginViewController.swift; sourceTree = "<group>"; };
		098B793822630D03003B893B /* AccountHelper.swift */ = {isa = PBXFileReference; fileEncoding = 4; lastKnownFileType = sourcecode.swift; path = AccountHelper.swift; sourceTree = "<group>"; };
		098B793922630D03003B893B /* SMSHelper.swift */ = {isa = PBXFileReference; fileEncoding = 4; lastKnownFileType = sourcecode.swift; path = SMSHelper.swift; sourceTree = "<group>"; };
		098B793E22630D4C003B893B /* YYNCache.swift */ = {isa = PBXFileReference; fileEncoding = 4; lastKnownFileType = sourcecode.swift; path = YYNCache.swift; sourceTree = "<group>"; };
		098B794122630DD6003B893B /* UserModel.swift */ = {isa = PBXFileReference; fileEncoding = 4; lastKnownFileType = sourcecode.swift; path = UserModel.swift; sourceTree = "<group>"; };
		098B794222630DD6003B893B /* CommonCellDataModel.swift */ = {isa = PBXFileReference; fileEncoding = 4; lastKnownFileType = sourcecode.swift; path = CommonCellDataModel.swift; sourceTree = "<group>"; };
		098B79452263272C003B893B /* DaylyRecord.plist */ = {isa = PBXFileReference; lastKnownFileType = text.plist.xml; path = DaylyRecord.plist; sourceTree = "<group>"; };
		098B794722632B24003B893B /* DaylyRecordViewController.swift */ = {isa = PBXFileReference; lastKnownFileType = sourcecode.swift; path = DaylyRecordViewController.swift; sourceTree = "<group>"; };
		098B794922632CD2003B893B /* YYNPickerView.m */ = {isa = PBXFileReference; fileEncoding = 4; lastKnownFileType = sourcecode.c.objc; path = YYNPickerView.m; sourceTree = "<group>"; };
		098B794A22632CD2003B893B /* YYNPickerView.h */ = {isa = PBXFileReference; fileEncoding = 4; lastKnownFileType = sourcecode.c.h; path = YYNPickerView.h; sourceTree = "<group>"; };
		098B794C22632D99003B893B /* CommonOptionsModel.swift */ = {isa = PBXFileReference; lastKnownFileType = sourcecode.swift; path = CommonOptionsModel.swift; sourceTree = "<group>"; };
		098B794E22633E52003B893B /* TitleValueVTableViewCell.swift */ = {isa = PBXFileReference; fileEncoding = 4; lastKnownFileType = sourcecode.swift; path = TitleValueVTableViewCell.swift; sourceTree = "<group>"; };
		098B794F22633E52003B893B /* TitleValueVTableViewCell.xib */ = {isa = PBXFileReference; fileEncoding = 4; lastKnownFileType = file.xib; path = TitleValueVTableViewCell.xib; sourceTree = "<group>"; };
		0990C9D4226C7E7400276373 /* PlanFormInput.plist */ = {isa = PBXFileReference; lastKnownFileType = text.plist.xml; path = PlanFormInput.plist; sourceTree = "<group>"; };
		0990C9D9226C849400276373 /* PlanFormInputController.swift */ = {isa = PBXFileReference; lastKnownFileType = sourcecode.swift; path = PlanFormInputController.swift; sourceTree = "<group>"; };
		0990C9DB226CAFF900276373 /* NSObject+Utils.h */ = {isa = PBXFileReference; lastKnownFileType = sourcecode.c.h; path = "NSObject+Utils.h"; sourceTree = "<group>"; };
		0990C9DC226CAFF900276373 /* NSObject+Utils.m */ = {isa = PBXFileReference; lastKnownFileType = sourcecode.c.objc; path = "NSObject+Utils.m"; sourceTree = "<group>"; };
		0990C9E1226CB13000276373 /* MultipleInputCell.swift */ = {isa = PBXFileReference; lastKnownFileType = sourcecode.swift; path = MultipleInputCell.swift; sourceTree = "<group>"; };
		0990C9E3226CB17D00276373 /* MultipleInputCell.xib */ = {isa = PBXFileReference; fileEncoding = 4; lastKnownFileType = file.xib; path = MultipleInputCell.xib; sourceTree = "<group>"; };
		09A476E3226AC89500C5F922 /* KChecker.entitlements */ = {isa = PBXFileReference; lastKnownFileType = text.plist.entitlements; path = KChecker.entitlements; sourceTree = "<group>"; };
		09A476E4226AE13600C5F922 /* HandyJson+Extension.swift */ = {isa = PBXFileReference; fileEncoding = 4; lastKnownFileType = sourcecode.swift; path = "HandyJson+Extension.swift"; sourceTree = "<group>"; };
		09B7F43E226A231D0096F056 /* DMLazyScrollView.m */ = {isa = PBXFileReference; fileEncoding = 4; lastKnownFileType = sourcecode.c.objc; path = DMLazyScrollView.m; sourceTree = "<group>"; };
		09B7F43F226A231D0096F056 /* DMLazyScrollView.h */ = {isa = PBXFileReference; fileEncoding = 4; lastKnownFileType = sourcecode.c.h; path = DMLazyScrollView.h; sourceTree = "<group>"; };
		09B7F442226A23DB0096F056 /* CheckUPViewController.h */ = {isa = PBXFileReference; lastKnownFileType = sourcecode.c.h; path = CheckUPViewController.h; sourceTree = "<group>"; };
		09B7F443226A23DB0096F056 /* CheckUPViewController.m */ = {isa = PBXFileReference; lastKnownFileType = sourcecode.c.objc; path = CheckUPViewController.m; sourceTree = "<group>"; };
		09B7F445226A2D6E0096F056 /* CheckUPDeviceInfoCell.h */ = {isa = PBXFileReference; lastKnownFileType = sourcecode.c.h; path = CheckUPDeviceInfoCell.h; sourceTree = "<group>"; };
		09B7F446226A2D6E0096F056 /* CheckUPDeviceInfoCell.m */ = {isa = PBXFileReference; lastKnownFileType = sourcecode.c.objc; path = CheckUPDeviceInfoCell.m; sourceTree = "<group>"; };
		09B7F447226A2D6E0096F056 /* CheckUPDeviceInfoCell.xib */ = {isa = PBXFileReference; lastKnownFileType = file.xib; path = CheckUPDeviceInfoCell.xib; sourceTree = "<group>"; };
		09B7F44A226A2D9E0096F056 /* CheckUPStandardsCell.h */ = {isa = PBXFileReference; lastKnownFileType = sourcecode.c.h; path = CheckUPStandardsCell.h; sourceTree = "<group>"; };
		09B7F44B226A2D9E0096F056 /* CheckUPStandardsCell.m */ = {isa = PBXFileReference; lastKnownFileType = sourcecode.c.objc; path = CheckUPStandardsCell.m; sourceTree = "<group>"; };
		09B7F44C226A2D9E0096F056 /* CheckUPStandardsCell.xib */ = {isa = PBXFileReference; lastKnownFileType = file.xib; path = CheckUPStandardsCell.xib; sourceTree = "<group>"; };
		09B7F44F226A2FE00096F056 /* CheckUPModel.h */ = {isa = PBXFileReference; lastKnownFileType = sourcecode.c.h; path = CheckUPModel.h; sourceTree = "<group>"; };
		09B7F450226A2FE00096F056 /* CheckUPModel.m */ = {isa = PBXFileReference; lastKnownFileType = sourcecode.c.objc; path = CheckUPModel.m; sourceTree = "<group>"; };
		09F26BE22269DA7D00E9DF64 /* TaskDetailViewController.h */ = {isa = PBXFileReference; lastKnownFileType = sourcecode.c.h; path = TaskDetailViewController.h; sourceTree = "<group>"; };
		09F26BE32269DA7D00E9DF64 /* TaskDetailViewController.m */ = {isa = PBXFileReference; lastKnownFileType = sourcecode.c.objc; path = TaskDetailViewController.m; sourceTree = "<group>"; };
		09F687B3226A31450016D0B4 /* JsonStringTransfer.h */ = {isa = PBXFileReference; fileEncoding = 4; lastKnownFileType = sourcecode.c.h; path = JsonStringTransfer.h; sourceTree = "<group>"; };
		09F687B4226A31450016D0B4 /* JsonStringTransfer.m */ = {isa = PBXFileReference; fileEncoding = 4; lastKnownFileType = sourcecode.c.objc; path = JsonStringTransfer.m; sourceTree = "<group>"; };
		09F687B6226A32E20016D0B4 /* UILabel+YYNExtension.h */ = {isa = PBXFileReference; fileEncoding = 4; lastKnownFileType = sourcecode.c.h; path = "UILabel+YYNExtension.h"; sourceTree = "<group>"; };
		09F687B7226A32E20016D0B4 /* UILabel+YYNExtension.m */ = {isa = PBXFileReference; fileEncoding = 4; lastKnownFileType = sourcecode.c.objc; path = "UILabel+YYNExtension.m"; sourceTree = "<group>"; };
		09F687C2226ABE530016D0B4 /* PushUtils.h */ = {isa = PBXFileReference; lastKnownFileType = sourcecode.c.h; path = PushUtils.h; sourceTree = "<group>"; };
		09F687C3226ABE540016D0B4 /* PushUtils.m */ = {isa = PBXFileReference; lastKnownFileType = sourcecode.c.objc; path = PushUtils.m; sourceTree = "<group>"; };
		0E13B1AB14BC54BF0B438978 /* Pods-KChecker.debug.xcconfig */ = {isa = PBXFileReference; includeInIndex = 1; lastKnownFileType = text.xcconfig; name = "Pods-KChecker.debug.xcconfig"; path = "Pods/Target Support Files/Pods-KChecker/Pods-KChecker.debug.xcconfig"; sourceTree = "<group>"; };
		144CC2C42E0EC80D76B18D18 /* Pods-KChecker.release.xcconfig */ = {isa = PBXFileReference; includeInIndex = 1; lastKnownFileType = text.xcconfig; name = "Pods-KChecker.release.xcconfig"; path = "Pods/Target Support Files/Pods-KChecker/Pods-KChecker.release.xcconfig"; sourceTree = "<group>"; };
		76F0D7AC548AF54E233D8932 /* Pods_KChecker.framework */ = {isa = PBXFileReference; explicitFileType = wrapper.framework; includeInIndex = 0; path = Pods_KChecker.framework; sourceTree = BUILT_PRODUCTS_DIR; };
		BEC078732269F25B00327423 /* NSString+CalculateSize.m */ = {isa = PBXFileReference; fileEncoding = 4; lastKnownFileType = sourcecode.c.objc; path = "NSString+CalculateSize.m"; sourceTree = "<group>"; };
		BEC078742269F25C00327423 /* NSString+CalculateSize.h */ = {isa = PBXFileReference; fileEncoding = 4; lastKnownFileType = sourcecode.c.h; path = "NSString+CalculateSize.h"; sourceTree = "<group>"; };
		BECD4075226D9EFF00FFF07C /* OilingPlanViewController.h */ = {isa = PBXFileReference; lastKnownFileType = sourcecode.c.h; path = OilingPlanViewController.h; sourceTree = "<group>"; };
		BECD4076226D9EFF00FFF07C /* OilingPlanViewController.m */ = {isa = PBXFileReference; lastKnownFileType = sourcecode.c.objc; path = OilingPlanViewController.m; sourceTree = "<group>"; };
		BECD4078226DA69D00FFF07C /* OilingStandardsCell.h */ = {isa = PBXFileReference; lastKnownFileType = sourcecode.c.h; path = OilingStandardsCell.h; sourceTree = "<group>"; };
		BECD4079226DA69D00FFF07C /* OilingStandardsCell.m */ = {isa = PBXFileReference; lastKnownFileType = sourcecode.c.objc; path = OilingStandardsCell.m; sourceTree = "<group>"; };
		BECD407D226DAA9B00FFF07C /* OilingStandardsCell.xib */ = {isa = PBXFileReference; fileEncoding = 4; lastKnownFileType = file.xib; path = OilingStandardsCell.xib; sourceTree = "<group>"; };
		BED675F722696F0200591AA2 /* CheckViewController.swift */ = {isa = PBXFileReference; lastKnownFileType = sourcecode.swift; path = CheckViewController.swift; sourceTree = "<group>"; };
		BED675F9226973F100591AA2 /* OilingViewController.swift */ = {isa = PBXFileReference; lastKnownFileType = sourcecode.swift; path = OilingViewController.swift; sourceTree = "<group>"; };
		BED675FB2269748000591AA2 /* MaintainViewController.swift */ = {isa = PBXFileReference; lastKnownFileType = sourcecode.swift; path = MaintainViewController.swift; sourceTree = "<group>"; };
		BED675FD2269749000591AA2 /* LogViewController.swift */ = {isa = PBXFileReference; lastKnownFileType = sourcecode.swift; path = LogViewController.swift; sourceTree = "<group>"; };
		BED675FF2269749E00591AA2 /* SettingViewController.swift */ = {isa = PBXFileReference; lastKnownFileType = sourcecode.swift; path = SettingViewController.swift; sourceTree = "<group>"; };
		BED6760422699E4600591AA2 /* SettingTableViewController.h */ = {isa = PBXFileReference; lastKnownFileType = sourcecode.c.h; path = SettingTableViewController.h; sourceTree = "<group>"; };
		BED6760522699E4600591AA2 /* SettingTableViewController.m */ = {isa = PBXFileReference; lastKnownFileType = sourcecode.c.objc; path = SettingTableViewController.m; sourceTree = "<group>"; };
		BED6760722699F5900591AA2 /* Setting.plist */ = {isa = PBXFileReference; lastKnownFileType = text.plist.xml; path = Setting.plist; sourceTree = "<group>"; };
		BED676092269A19700591AA2 /* SettingTableViewCell.h */ = {isa = PBXFileReference; lastKnownFileType = sourcecode.c.h; path = SettingTableViewCell.h; sourceTree = "<group>"; };
		BED6760A2269A19700591AA2 /* SettingTableViewCell.m */ = {isa = PBXFileReference; lastKnownFileType = sourcecode.c.objc; path = SettingTableViewCell.m; sourceTree = "<group>"; };
		BED6760E2269A3C900591AA2 /* NSArray+Ex.m */ = {isa = PBXFileReference; fileEncoding = 4; lastKnownFileType = sourcecode.c.objc; path = "NSArray+Ex.m"; sourceTree = "<group>"; };
		BED6760F2269A3C900591AA2 /* NSDictionary+EX.m */ = {isa = PBXFileReference; fileEncoding = 4; lastKnownFileType = sourcecode.c.objc; path = "NSDictionary+EX.m"; sourceTree = "<group>"; };
		BED676102269A3C900591AA2 /* NSArray+Ex.h */ = {isa = PBXFileReference; fileEncoding = 4; lastKnownFileType = sourcecode.c.h; path = "NSArray+Ex.h"; sourceTree = "<group>"; };
		BED676112269A3C900591AA2 /* NSDictionary+EX.h */ = {isa = PBXFileReference; fileEncoding = 4; lastKnownFileType = sourcecode.c.h; path = "NSDictionary+EX.h"; sourceTree = "<group>"; };
		BED676142269A8A600591AA2 /* SettingModel.h */ = {isa = PBXFileReference; lastKnownFileType = sourcecode.c.h; path = SettingModel.h; sourceTree = "<group>"; };
		BED676152269A8A600591AA2 /* SettingModel.m */ = {isa = PBXFileReference; lastKnownFileType = sourcecode.c.objc; path = SettingModel.m; sourceTree = "<group>"; };
/* End PBXFileReference section */

/* Begin PBXFrameworksBuildPhase section */
		0940C923221CF97F00C7697B /* Frameworks */ = {
			isa = PBXFrameworksBuildPhase;
			buildActionMask = 2147483647;
			files = (
				4CCC1DF0FCF8C789A8954F12 /* Pods_KChecker.framework in Frameworks */,
			);
			runOnlyForDeploymentPostprocessing = 0;
		};
/* End PBXFrameworksBuildPhase section */

/* Begin PBXGroup section */
		0940C91D221CF97F00C7697B = {
			isa = PBXGroup;
			children = (
				0940C928221CF97F00C7697B /* KChecker */,
				0940C927221CF97F00C7697B /* Products */,
				7F609565DD1D3A50E9A1B671 /* Pods */,
				5A553AD827CF499E637DD147 /* Frameworks */,
			);
			sourceTree = "<group>";
		};
		0940C927221CF97F00C7697B /* Products */ = {
			isa = PBXGroup;
			children = (
				0940C926221CF97F00C7697B /* KChecker.app */,
			);
			name = Products;
			sourceTree = "<group>";
		};
		0940C928221CF97F00C7697B /* KChecker */ = {
			isa = PBXGroup;
			children = (
				09A476E3226AC89500C5F922 /* KChecker.entitlements */,
				0922CE3F226A15F10042A220 /* AliyunEmasServices-Info.plist */,
				0940C9CD221D323300C7697B /* View */,
				0940C9C9221D320700C7697B /* Model */,
				0940C9C0221D247500C7697B /* Resources */,
				0940C962221D037300C7697B /* Controller */,
				0940C951221D034800C7697B /* ThirdParties */,
				0940C93B221D034800C7697B /* Utils */,
				0940C92B221CF97F00C7697B /* ViewController.swift */,
				0940C9F2221D32C300C7697B /* AppDelegate.swift */,
				0940C9F8221D343500C7697B /* Definition.pch */,
				0940C9F7221D334F00C7697B /* KChecker-Bridging-Header.h */,
				0940C92D221CF97F00C7697B /* Main.storyboard */,
				0940C930221CF98100C7697B /* Assets.xcassets */,
				0940C932221CF98100C7697B /* LaunchScreen.storyboard */,
				0940C935221CF98100C7697B /* Info.plist */,
			);
			path = KChecker;
			sourceTree = "<group>";
		};
		0940C93B221D034800C7697B /* Utils */ = {
			isa = PBXGroup;
			children = (
				09F687B6226A32E20016D0B4 /* UILabel+YYNExtension.h */,
				09F687B7226A32E20016D0B4 /* UILabel+YYNExtension.m */,
				09F687B3226A31450016D0B4 /* JsonStringTransfer.h */,
				09F687B4226A31450016D0B4 /* JsonStringTransfer.m */,
				098B793D22630D4C003B893B /* Cache */,
				098B793622630D03003B893B /* Helper */,
				0940C93C221D034800C7697B /* MyConst.swift */,
				0940C93D221D034800C7697B /* Md5 */,
				0940C940221D034800C7697B /* Extension */,
				0940C943221D034800C7697B /* Route */,
				0940C945221D034800C7697B /* HttpRequest */,
				0940C948221D034800C7697B /* Common */,
				0940C94B221D034800C7697B /* ActivityIndicator */,
				0940C94F221D034800C7697B /* CommonUtils.swift */,
				0940C950221D034800C7697B /* YYDateUtil.swift */,
				09F687C2226ABE530016D0B4 /* PushUtils.h */,
				09F687C3226ABE540016D0B4 /* PushUtils.m */,
			);
			path = Utils;
			sourceTree = "<group>";
		};
		0940C93D221D034800C7697B /* Md5 */ = {
			isa = PBXGroup;
			children = (
				0940C93E221D034800C7697B /* MyMD5.m */,
				0940C93F221D034800C7697B /* MyMD5.h */,
			);
			path = Md5;
			sourceTree = "<group>";
		};
		0940C940221D034800C7697B /* Extension */ = {
			isa = PBXGroup;
			children = (
				09A476E4226AE13600C5F922 /* HandyJson+Extension.swift */,
				BEC078742269F25C00327423 /* NSString+CalculateSize.h */,
				BEC078732269F25B00327423 /* NSString+CalculateSize.m */,
				BED676102269A3C900591AA2 /* NSArray+Ex.h */,
				BED6760E2269A3C900591AA2 /* NSArray+Ex.m */,
				BED676112269A3C900591AA2 /* NSDictionary+EX.h */,
				BED6760F2269A3C900591AA2 /* NSDictionary+EX.m */,
				09434FFB226810E4000A7777 /* CGFloat+Utils.swift */,
				0940C941221D034800C7697B /* UIColor+Extension.swift */,
				0940C942221D034800C7697B /* UIController+SelectImage.swift */,
				09434FFD22681985000A7777 /* Array+Utils.swift */,
				0990C9DB226CAFF900276373 /* NSObject+Utils.h */,
				0990C9DC226CAFF900276373 /* NSObject+Utils.m */,
			);
			path = Extension;
			sourceTree = "<group>";
		};
		0940C943221D034800C7697B /* Route */ = {
			isa = PBXGroup;
			children = (
				0940C944221D034800C7697B /* YYRoute.swift */,
			);
			path = Route;
			sourceTree = "<group>";
		};
		0940C945221D034800C7697B /* HttpRequest */ = {
			isa = PBXGroup;
			children = (
				0940C946221D034800C7697B /* YYNSessionManager.h */,
				0940C947221D034800C7697B /* YYNSessionManager.m */,
			);
			path = HttpRequest;
			sourceTree = "<group>";
		};
		0940C948221D034800C7697B /* Common */ = {
			isa = PBXGroup;
			children = (
				0940C949221D034800C7697B /* CommonCellUtil.swift */,
				0940C94A221D034800C7697B /* JsonTransfer.swift */,
			);
			path = Common;
			sourceTree = "<group>";
		};
		0940C94B221D034800C7697B /* ActivityIndicator */ = {
			isa = PBXGroup;
			children = (
				0940C94C221D034800C7697B /* ActivityIndicatorManager.h */,
				0940C94D221D034800C7697B /* ActivityIndicator.swift */,
				0940C94E221D034800C7697B /* ActivityIndicatorManager.m */,
			);
			path = ActivityIndicator;
			sourceTree = "<group>";
		};
		0940C951221D034800C7697B /* ThirdParties */ = {
			isa = PBXGroup;
			children = (
				09B7F43D226A231D0096F056 /* DMLazyScrollView */,
				0940C952221D034800C7697B /* TIPProgressHUD */,
			);
			path = ThirdParties;
			sourceTree = "<group>";
		};
		0940C952221D034800C7697B /* TIPProgressHUD */ = {
			isa = PBXGroup;
			children = (
				0940C953221D034800C7697B /* ProgressHUD.h */,
				0940C954221D034800C7697B /* ProgressHUD.m */,
			);
			path = TIPProgressHUD;
			sourceTree = "<group>";
		};
		0940C962221D037300C7697B /* Controller */ = {
			isa = PBXGroup;
			children = (
				0940C9FF221D34BF00C7697B /* Mine */,
				0940C9FC221D34AE00C7697B /* Task */,
				0940C9F9221D349400C7697B /* HomePage */,
				0940C9F4221D32E700C7697B /* Main */,
				0940C990221D037300C7697B /* Base */,
			);
			path = Controller;
			sourceTree = "<group>";
		};
		0940C990221D037300C7697B /* Base */ = {
			isa = PBXGroup;
			children = (
				0940C991221D037300C7697B /* BaseViewController.swift */,
				0940C992221D037300C7697B /* BaseFormViewController.swift */,
				0940C993221D037300C7697B /* BaseInputViewController.swift */,
				0940C994221D037300C7697B /* BaseWebViewController.swift */,
				0922CE41226A1CBC0042A220 /* BaseOCViewController.h */,
				0922CE42226A1CBC0042A220 /* BaseOCViewController.m */,
			);
			path = Base;
			sourceTree = "<group>";
		};
		0940C9C0221D247500C7697B /* Resources */ = {
			isa = PBXGroup;
			children = (
				0940CA02221D350E00C7697B /* Plist */,
				0940C9C4221D309800C7697B /* image */,
				0940C9C1221D247E00C7697B /* H5 */,
			);
			path = Resources;
			sourceTree = "<group>";
		};
		0940C9C1221D247E00C7697B /* H5 */ = {
			isa = PBXGroup;
			children = (
				09483FB1221EA3DD002D4937 /* HomePage.html */,
				0940CA09221D54CD00C7697B /* TaskList.html */,
				0940C9C2221D249C00C7697B /* Login.html */,
			);
			path = H5;
			sourceTree = "<group>";
		};
		0940C9C4221D309800C7697B /* image */ = {
			isa = PBXGroup;
			children = (
				09483FB4221EA931002D4937 /* 日报@2x.png */,
				09483FB3221EA931002D4937 /* 扫一扫@2x.png */,
				0940CA0B221D5B7400C7697B /* dianj.png */,
				0940C9C5221D30EA00C7697B /* mima.png */,
				0940C9C6221D30EA00C7697B /* yhming.png */,
			);
			path = image;
			sourceTree = "<group>";
		};
		0940C9C9221D320700C7697B /* Model */ = {
			isa = PBXGroup;
			children = (
				098B794022630DD6003B893B /* Common */,
				09B7F44F226A2FE00096F056 /* CheckUPModel.h */,
				09B7F450226A2FE00096F056 /* CheckUPModel.m */,
			);
			path = Model;
			sourceTree = "<group>";
		};
		0940C9CD221D323300C7697B /* View */ = {
			isa = PBXGroup;
			children = (
				0940C9CE221D323300C7697B /* CommonView */,
				0940C9D2221D323300C7697B /* CustomViews */,
				0940C9D5221D323300C7697B /* CommonCells */,
				0940C9DF221D323300C7697B /* Main */,
				0940C9E1221D323300C7697B /* DatePickerView */,
			);
			path = View;
			sourceTree = "<group>";
		};
		0940C9CE221D323300C7697B /* CommonView */ = {
			isa = PBXGroup;
			children = (
				0922CE47226A206B0042A220 /* NSString+CalculateSize.h */,
				0922CE48226A206B0042A220 /* NSString+CalculateSize.m */,
				0922CE44226A20450042A220 /* TitleIndexView.h */,
				0922CE45226A20450042A220 /* TitleIndexView.m */,
				098B794A22632CD2003B893B /* YYNPickerView.h */,
				098B794922632CD2003B893B /* YYNPickerView.m */,
				0940C9CF221D323300C7697B /* KeyboardHeaderView.m */,
				0940C9D1221D323300C7697B /* KeyboardHeaderView.h */,
				0940C9D0221D323300C7697B /* YYPickerView.swift */,
			);
			path = CommonView;
			sourceTree = "<group>";
		};
		0940C9D2221D323300C7697B /* CustomViews */ = {
			isa = PBXGroup;
			children = (
				0940C9D3221D323300C7697B /* 说明.txt */,
				0940C9D4221D323300C7697B /* YYAlertController.swift */,
			);
			path = CustomViews;
			sourceTree = "<group>";
		};
		0940C9D5221D323300C7697B /* CommonCells */ = {
			isa = PBXGroup;
			children = (
				098B794E22633E52003B893B /* TitleValueVTableViewCell.swift */,
				098B794F22633E52003B893B /* TitleValueVTableViewCell.xib */,
				0940C9D6221D323300C7697B /* TitleSwitchTableViewCell.xib */,
				0940C9D7221D323300C7697B /* TitleValueTableViewCell.xib */,
				0940C9D8221D323300C7697B /* TitleValueTableViewCell.swift */,
				0940C9D9221D323300C7697B /* CommonBaseCell.swift */,
				0940C9DA221D323300C7697B /* TitleTextViewTableViewCell.swift */,
				0940C9DB221D323300C7697B /* TitleTimeRangeTableViewCell.xib */,
				0940C9DC221D323300C7697B /* TitleTimeRangeTableViewCell.swift */,
				0940C9DD221D323300C7697B /* TitleSwitchTableViewCell.swift */,
				0940C9DE221D323300C7697B /* TitleTextViewTableViewCell.xib */,
				0940CA0F221D61DB00C7697B /* IconTitleCell.swift */,
				0940CA10221D61DB00C7697B /* IconTitleCell.xib */,
				BED676092269A19700591AA2 /* SettingTableViewCell.h */,
				BED6760A2269A19700591AA2 /* SettingTableViewCell.m */,
			);
			path = CommonCells;
			sourceTree = "<group>";
		};
		0940C9DF221D323300C7697B /* Main */ = {
			isa = PBXGroup;
			children = (
				0940C9E0221D323300C7697B /* TabbarView.swift */,
			);
			path = Main;
			sourceTree = "<group>";
		};
		0940C9E1221D323300C7697B /* DatePickerView */ = {
			isa = PBXGroup;
			children = (
				0940C9E2221D323300C7697B /* YYDatePickerView.swift */,
			);
			path = DatePickerView;
			sourceTree = "<group>";
		};
		0940C9F4221D32E700C7697B /* Main */ = {
			isa = PBXGroup;
			children = (
				0940C9F5221D32E700C7697B /* MainViewController.swift */,
			);
			path = Main;
			sourceTree = "<group>";
		};
		0940C9F9221D349400C7697B /* HomePage */ = {
			isa = PBXGroup;
			children = (
				09483FB9221EAE92002D4937 /* QRCode */,
				0940C9FA221D34A500C7697B /* HomePageViewController.swift */,
				098B794722632B24003B893B /* DaylyRecordViewController.swift */,
			);
			path = HomePage;
			sourceTree = "<group>";
		};
		0940C9FC221D34AE00C7697B /* Task */ = {
			isa = PBXGroup;
			children = (
				09B7F441226A239C0096F056 /* CheckUP */,
				0940C9FD221D34BB00C7697B /* TaskViewController.swift */,
				0940CA05221D53EE00C7697B /* TaskListCell.swift */,
				0940CA06221D53EE00C7697B /* TaskListCell.xib */,
				09F26BE22269DA7D00E9DF64 /* TaskDetailViewController.h */,
				09F26BE32269DA7D00E9DF64 /* TaskDetailViewController.m */,
				0990C9D9226C849400276373 /* PlanFormInputController.swift */,
				0990C9E1226CB13000276373 /* MultipleInputCell.swift */,
				0990C9E3226CB17D00276373 /* MultipleInputCell.xib */,
			);
			path = Task;
			sourceTree = "<group>";
		};
		0940C9FF221D34BF00C7697B /* Mine */ = {
			isa = PBXGroup;
			children = (
				BED675DF22686BC000591AA2 /* DetailController */,
				098B7931226309E6003B893B /* Login */,
				0940CA00221D34D000C7697B /* MineViewController.swift */,
				0940CA13221D647E00C7697B /* MineHeaderCell.swift */,
				0940CA14221D647E00C7697B /* MineHeaderCell.xib */,
			);
			path = Mine;
			sourceTree = "<group>";
		};
		0940CA02221D350E00C7697B /* Plist */ = {
			isa = PBXGroup;
			children = (
				0940CA03221D353400C7697B /* WorkFinderTabbar.plist */,
				0940CA0D221D609300C7697B /* Mine.plist */,
				098B79452263272C003B893B /* DaylyRecord.plist */,
				BED6760722699F5900591AA2 /* Setting.plist */,
				0990C9D4226C7E7400276373 /* PlanFormInput.plist */,
			);
			path = Plist;
			sourceTree = "<group>";
		};
		09483FB9221EAE92002D4937 /* QRCode */ = {
			isa = PBXGroup;
			children = (
				09483FBA221EAE92002D4937 /* Controller */,
				09483FC4221EAE92002D4937 /* View */,
			);
			path = QRCode;
			sourceTree = "<group>";
		};
		09483FBA221EAE92002D4937 /* Controller */ = {
			isa = PBXGroup;
			children = (
				09483FBD221EAE92002D4937 /* ECScanResultVC.h */,
				09483FC3221EAE92002D4937 /* ECScanResultVC.m */,
				09483FBF221EAE92002D4937 /* ECQRCodeScanVC.h */,
				09483FBB221EAE92002D4937 /* ECQRCodeScanVC.m */,
			);
			path = Controller;
			sourceTree = "<group>";
		};
		09483FC4221EAE92002D4937 /* View */ = {
			isa = PBXGroup;
			children = (
				09483FC5221EAE92002D4937 /* ECScanResultWebView.m */,
				09483FC6221EAE92002D4937 /* ECScanResultView.m */,
				09483FC7221EAE92002D4937 /* ECQRCodeScanView.h */,
				09483FC8221EAE92002D4937 /* ECScanResultWebView.h */,
				09483FC9221EAE92002D4937 /* ECQRCodeScanView.m */,
				09483FCA221EAE92002D4937 /* ECScanResultView.h */,
			);
			path = View;
			sourceTree = "<group>";
		};
		098B7931226309E6003B893B /* Login */ = {
			isa = PBXGroup;
			children = (
				098B7932226309E6003B893B /* LoginViewController.xib */,
				098B7933226309E6003B893B /* LoginViewController.swift */,
			);
			path = Login;
			sourceTree = "<group>";
		};
		098B793622630D03003B893B /* Helper */ = {
			isa = PBXGroup;
			children = (
				098B793822630D03003B893B /* AccountHelper.swift */,
				098B793922630D03003B893B /* SMSHelper.swift */,
			);
			path = Helper;
			sourceTree = "<group>";
		};
		098B793D22630D4C003B893B /* Cache */ = {
			isa = PBXGroup;
			children = (
				098B793E22630D4C003B893B /* YYNCache.swift */,
			);
			path = Cache;
			sourceTree = "<group>";
		};
		098B794022630DD6003B893B /* Common */ = {
			isa = PBXGroup;
			children = (
				098B794122630DD6003B893B /* UserModel.swift */,
				098B794222630DD6003B893B /* CommonCellDataModel.swift */,
				098B794C22632D99003B893B /* CommonOptionsModel.swift */,
				BED676142269A8A600591AA2 /* SettingModel.h */,
				BED676152269A8A600591AA2 /* SettingModel.m */,
			);
			path = Common;
			sourceTree = "<group>";
		};
		09B7F43D226A231D0096F056 /* DMLazyScrollView */ = {
			isa = PBXGroup;
			children = (
				09B7F43E226A231D0096F056 /* DMLazyScrollView.m */,
				09B7F43F226A231D0096F056 /* DMLazyScrollView.h */,
			);
			path = DMLazyScrollView;
			sourceTree = "<group>";
		};
		09B7F441226A239C0096F056 /* CheckUP */ = {
			isa = PBXGroup;
			children = (
				09B7F442226A23DB0096F056 /* CheckUPViewController.h */,
				09B7F443226A23DB0096F056 /* CheckUPViewController.m */,
				BECD4075226D9EFF00FFF07C /* OilingPlanViewController.h */,
				BECD4076226D9EFF00FFF07C /* OilingPlanViewController.m */,
				BECD4078226DA69D00FFF07C /* OilingStandardsCell.h */,
				BECD4079226DA69D00FFF07C /* OilingStandardsCell.m */,
				BECD407D226DAA9B00FFF07C /* OilingStandardsCell.xib */,
				09B7F445226A2D6E0096F056 /* CheckUPDeviceInfoCell.h */,
				09B7F446226A2D6E0096F056 /* CheckUPDeviceInfoCell.m */,
				09B7F447226A2D6E0096F056 /* CheckUPDeviceInfoCell.xib */,
				09B7F44A226A2D9E0096F056 /* CheckUPStandardsCell.h */,
				09B7F44B226A2D9E0096F056 /* CheckUPStandardsCell.m */,
				09B7F44C226A2D9E0096F056 /* CheckUPStandardsCell.xib */,
			);
			path = CheckUP;
			sourceTree = "<group>";
		};
		5A553AD827CF499E637DD147 /* Frameworks */ = {
			isa = PBXGroup;
			children = (
				76F0D7AC548AF54E233D8932 /* Pods_KChecker.framework */,
			);
			name = Frameworks;
			sourceTree = "<group>";
		};
		7F609565DD1D3A50E9A1B671 /* Pods */ = {
			isa = PBXGroup;
			children = (
				0E13B1AB14BC54BF0B438978 /* Pods-KChecker.debug.xcconfig */,
				144CC2C42E0EC80D76B18D18 /* Pods-KChecker.release.xcconfig */,
			);
			name = Pods;
			sourceTree = "<group>";
		};
		BED675DF22686BC000591AA2 /* DetailController */ = {
			isa = PBXGroup;
			children = (
				BED675F722696F0200591AA2 /* CheckViewController.swift */,
				BED675F9226973F100591AA2 /* OilingViewController.swift */,
				BED675FB2269748000591AA2 /* MaintainViewController.swift */,
				BED675FD2269749000591AA2 /* LogViewController.swift */,
				BED675FF2269749E00591AA2 /* SettingViewController.swift */,
				BED6760422699E4600591AA2 /* SettingTableViewController.h */,
				BED6760522699E4600591AA2 /* SettingTableViewController.m */,
			);
			path = DetailController;
			sourceTree = "<group>";
		};
/* End PBXGroup section */

/* Begin PBXNativeTarget section */
		0940C925221CF97F00C7697B /* KChecker */ = {
			isa = PBXNativeTarget;
			buildConfigurationList = 0940C938221CF98100C7697B /* Build configuration list for PBXNativeTarget "KChecker" */;
			buildPhases = (
				8FDFC63323A9C483B7EC7616 /* [CP] Check Pods Manifest.lock */,
				0940C922221CF97F00C7697B /* Sources */,
				0940C923221CF97F00C7697B /* Frameworks */,
				0940C924221CF97F00C7697B /* Resources */,
				9BCE7D5BB967AA344FDEE4F5 /* [CP] Embed Pods Frameworks */,
			);
			buildRules = (
			);
			dependencies = (
			);
			name = KChecker;
			productName = KChecker;
			productReference = 0940C926221CF97F00C7697B /* KChecker.app */;
			productType = "com.apple.product-type.application";
		};
/* End PBXNativeTarget section */

/* Begin PBXProject section */
		0940C91E221CF97F00C7697B /* Project object */ = {
			isa = PBXProject;
			attributes = {
				LastSwiftUpdateCheck = 1010;
				LastUpgradeCheck = 1010;
				TargetAttributes = {
					0940C925221CF97F00C7697B = {
						CreatedOnToolsVersion = 10.1;
						SystemCapabilities = {
							com.apple.BackgroundModes = {
								enabled = 1;
							};
							com.apple.Push = {
								enabled = 1;
							};
						};
					};
				};
			};
			buildConfigurationList = 0940C921221CF97F00C7697B /* Build configuration list for PBXProject "KChecker" */;
			compatibilityVersion = "Xcode 9.3";
			developmentRegion = en;
			hasScannedForEncodings = 0;
			knownRegions = (
				en,
				Base,
			);
			mainGroup = 0940C91D221CF97F00C7697B;
			productRefGroup = 0940C927221CF97F00C7697B /* Products */;
			projectDirPath = "";
			projectRoot = "";
			targets = (
				0940C925221CF97F00C7697B /* KChecker */,
			);
		};
/* End PBXProject section */

/* Begin PBXResourcesBuildPhase section */
		0940C924221CF97F00C7697B /* Resources */ = {
			isa = PBXResourcesBuildPhase;
			buildActionMask = 2147483647;
			files = (
				BED6760822699F5900591AA2 /* Setting.plist in Resources */,
				09483FB2221EA3DD002D4937 /* HomePage.html in Resources */,
				0940C9EF221D323400C7697B /* TitleTextViewTableViewCell.xib in Resources */,
				098B7934226309E6003B893B /* LoginViewController.xib in Resources */,
				0940CA16221D647E00C7697B /* MineHeaderCell.xib in Resources */,
				0940C934221CF98100C7697B /* LaunchScreen.storyboard in Resources */,
				0940C9C7221D30EA00C7697B /* mima.png in Resources */,
				09483FB5221EA931002D4937 /* 扫一扫@2x.png in Resources */,
				0940CA0A221D54CD00C7697B /* TaskList.html in Resources */,
				098B79462263272C003B893B /* DaylyRecord.plist in Resources */,
				0940CA12221D61DB00C7697B /* IconTitleCell.xib in Resources */,
				0940C931221CF98100C7697B /* Assets.xcassets in Resources */,
				0940C9EC221D323400C7697B /* TitleTimeRangeTableViewCell.xib in Resources */,
				0940CA08221D53EE00C7697B /* TaskListCell.xib in Resources */,
				098B795122633E52003B893B /* TitleValueVTableViewCell.xib in Resources */,
				0940C9C8221D30EA00C7697B /* yhming.png in Resources */,
				09B7F44E226A2D9E0096F056 /* CheckUPStandardsCell.xib in Resources */,
				0940C9E7221D323400C7697B /* TitleSwitchTableViewCell.xib in Resources */,
				0940CA04221D353400C7697B /* WorkFinderTabbar.plist in Resources */,
				0940CA0C221D5B7400C7697B /* dianj.png in Resources */,
				0940C9E8221D323400C7697B /* TitleValueTableViewCell.xib in Resources */,
				0940C9E5221D323400C7697B /* 说明.txt in Resources */,
				0990C9E4226CB17D00276373 /* MultipleInputCell.xib in Resources */,
				09483FB6221EA931002D4937 /* 日报@2x.png in Resources */,
				0922CE40226A15F10042A220 /* AliyunEmasServices-Info.plist in Resources */,
				0990C9D5226C7E7400276373 /* PlanFormInput.plist in Resources */,
				0940CA0E221D609300C7697B /* Mine.plist in Resources */,
				09B7F449226A2D6E0096F056 /* CheckUPDeviceInfoCell.xib in Resources */,
				0940C9C3221D249C00C7697B /* Login.html in Resources */,
				BECD407E226DAA9B00FFF07C /* OilingStandardsCell.xib in Resources */,
				0940C92F221CF97F00C7697B /* Main.storyboard in Resources */,
			);
			runOnlyForDeploymentPostprocessing = 0;
		};
/* End PBXResourcesBuildPhase section */

/* Begin PBXShellScriptBuildPhase section */
		8FDFC63323A9C483B7EC7616 /* [CP] Check Pods Manifest.lock */ = {
			isa = PBXShellScriptBuildPhase;
			buildActionMask = 2147483647;
			files = (
			);
			inputPaths = (
				"${PODS_PODFILE_DIR_PATH}/Podfile.lock",
				"${PODS_ROOT}/Manifest.lock",
			);
			name = "[CP] Check Pods Manifest.lock";
			outputPaths = (
				"$(DERIVED_FILE_DIR)/Pods-KChecker-checkManifestLockResult.txt",
			);
			runOnlyForDeploymentPostprocessing = 0;
			shellPath = /bin/sh;
			shellScript = "diff \"${PODS_PODFILE_DIR_PATH}/Podfile.lock\" \"${PODS_ROOT}/Manifest.lock\" > /dev/null\nif [ $? != 0 ] ; then\n    # print error to STDERR\n    echo \"error: The sandbox is not in sync with the Podfile.lock. Run 'pod install' or update your CocoaPods installation.\" >&2\n    exit 1\nfi\n# This output is used by Xcode 'outputs' to avoid re-running this script phase.\necho \"SUCCESS\" > \"${SCRIPT_OUTPUT_FILE_0}\"\n";
			showEnvVarsInLog = 0;
		};
		9BCE7D5BB967AA344FDEE4F5 /* [CP] Embed Pods Frameworks */ = {
			isa = PBXShellScriptBuildPhase;
			buildActionMask = 2147483647;
			files = (
			);
			inputPaths = (
				"${SRCROOT}/Pods/Target Support Files/Pods-KChecker/Pods-KChecker-frameworks.sh",
				"${BUILT_PRODUCTS_DIR}/AFNetworking/AFNetworking.framework",
				"${BUILT_PRODUCTS_DIR}/Cache/Cache.framework",
				"${BUILT_PRODUCTS_DIR}/EGOCache/EGOCache.framework",
				"${BUILT_PRODUCTS_DIR}/EGOImageLoading/EGOImageLoading.framework",
				"${BUILT_PRODUCTS_DIR}/FMDB/FMDB.framework",
				"${BUILT_PRODUCTS_DIR}/HandyJSON/HandyJSON.framework",
				"${BUILT_PRODUCTS_DIR}/JSONKit-NoWarning/JSONKit_NoWarning.framework",
				"${BUILT_PRODUCTS_DIR}/KMPlaceholderTextView/KMPlaceholderTextView.framework",
				"${BUILT_PRODUCTS_DIR}/MBProgressHUD/MBProgressHUD.framework",
				"${BUILT_PRODUCTS_DIR}/MJExtension/MJExtension.framework",
				"${BUILT_PRODUCTS_DIR}/MJRefresh/MJRefresh.framework",
				"${BUILT_PRODUCTS_DIR}/Masonry/Masonry.framework",
				"${BUILT_PRODUCTS_DIR}/Reachability/Reachability.framework",
				"${BUILT_PRODUCTS_DIR}/SwiftyJSON/SwiftyJSON.framework",
				"${BUILT_PRODUCTS_DIR}/UzysAssetsPickerController/UzysAssetsPickerController.framework",
			);
			name = "[CP] Embed Pods Frameworks";
			outputPaths = (
				"${TARGET_BUILD_DIR}/${FRAMEWORKS_FOLDER_PATH}/AFNetworking.framework",
				"${TARGET_BUILD_DIR}/${FRAMEWORKS_FOLDER_PATH}/Cache.framework",
				"${TARGET_BUILD_DIR}/${FRAMEWORKS_FOLDER_PATH}/EGOCache.framework",
				"${TARGET_BUILD_DIR}/${FRAMEWORKS_FOLDER_PATH}/EGOImageLoading.framework",
				"${TARGET_BUILD_DIR}/${FRAMEWORKS_FOLDER_PATH}/FMDB.framework",
				"${TARGET_BUILD_DIR}/${FRAMEWORKS_FOLDER_PATH}/HandyJSON.framework",
				"${TARGET_BUILD_DIR}/${FRAMEWORKS_FOLDER_PATH}/JSONKit_NoWarning.framework",
				"${TARGET_BUILD_DIR}/${FRAMEWORKS_FOLDER_PATH}/KMPlaceholderTextView.framework",
				"${TARGET_BUILD_DIR}/${FRAMEWORKS_FOLDER_PATH}/MBProgressHUD.framework",
				"${TARGET_BUILD_DIR}/${FRAMEWORKS_FOLDER_PATH}/MJExtension.framework",
				"${TARGET_BUILD_DIR}/${FRAMEWORKS_FOLDER_PATH}/MJRefresh.framework",
				"${TARGET_BUILD_DIR}/${FRAMEWORKS_FOLDER_PATH}/Masonry.framework",
				"${TARGET_BUILD_DIR}/${FRAMEWORKS_FOLDER_PATH}/Reachability.framework",
				"${TARGET_BUILD_DIR}/${FRAMEWORKS_FOLDER_PATH}/SwiftyJSON.framework",
				"${TARGET_BUILD_DIR}/${FRAMEWORKS_FOLDER_PATH}/UzysAssetsPickerController.framework",
			);
			runOnlyForDeploymentPostprocessing = 0;
			shellPath = /bin/sh;
			shellScript = "\"${SRCROOT}/Pods/Target Support Files/Pods-KChecker/Pods-KChecker-frameworks.sh\"\n";
			showEnvVarsInLog = 0;
		};
/* End PBXShellScriptBuildPhase section */

/* Begin PBXSourcesBuildPhase section */
		0940C922221CF97F00C7697B /* Sources */ = {
			isa = PBXSourcesBuildPhase;
			buildActionMask = 2147483647;
			files = (
				0940C95F221D034800C7697B /* CommonUtils.swift in Sources */,
				098B793C22630D03003B893B /* SMSHelper.swift in Sources */,
				0940CA11221D61DB00C7697B /* IconTitleCell.swift in Sources */,
				0990C9DA226C849400276373 /* PlanFormInputController.swift in Sources */,
				09B7F44D226A2D9E0096F056 /* CheckUPStandardsCell.m in Sources */,
				0940C95C221D034800C7697B /* JsonTransfer.swift in Sources */,
				0940C92C221CF97F00C7697B /* ViewController.swift in Sources */,
				0940C9E4221D323300C7697B /* YYPickerView.swift in Sources */,
				0940C956221D034800C7697B /* MyMD5.m in Sources */,
				BEC078752269F25C00327423 /* NSString+CalculateSize.m in Sources */,
				BED676162269A8A600591AA2 /* SettingModel.m in Sources */,
				09F687B5226A31450016D0B4 /* JsonStringTransfer.m in Sources */,
				09483FCF221EAE92002D4937 /* ECScanResultVC.m in Sources */,
				0940C955221D034800C7697B /* MyConst.swift in Sources */,
				098B794B22632CD2003B893B /* YYNPickerView.m in Sources */,
				0940C9BA221D037300C7697B /* BaseFormViewController.swift in Sources */,
				0940C9BC221D037300C7697B /* BaseWebViewController.swift in Sources */,
				BED675FE2269749000591AA2 /* LogViewController.swift in Sources */,
				BECD4077226D9EFF00FFF07C /* OilingPlanViewController.m in Sources */,
				0940C95D221D034800C7697B /* ActivityIndicator.swift in Sources */,
				0940C9B9221D037300C7697B /* BaseViewController.swift in Sources */,
				0940C95E221D034800C7697B /* ActivityIndicatorManager.m in Sources */,
				098B793B22630D03003B893B /* AccountHelper.swift in Sources */,
				BED6760622699E4600591AA2 /* SettingTableViewController.m in Sources */,
				0940C9EB221D323400C7697B /* TitleTextViewTableViewCell.swift in Sources */,
				0940C9BB221D037300C7697B /* BaseInputViewController.swift in Sources */,
				0940C9E9221D323400C7697B /* TitleValueTableViewCell.swift in Sources */,
				098B794322630DD6003B893B /* UserModel.swift in Sources */,
				BED676122269A3C900591AA2 /* NSArray+Ex.m in Sources */,
				0940C9EA221D323400C7697B /* CommonBaseCell.swift in Sources */,
				09B7F448226A2D6E0096F056 /* CheckUPDeviceInfoCell.m in Sources */,
				0940C959221D034800C7697B /* YYRoute.swift in Sources */,
				09F26BE42269DA7D00E9DF64 /* TaskDetailViewController.m in Sources */,
				BED675FA226973F200591AA2 /* OilingViewController.swift in Sources */,
				09F687B8226A32E20016D0B4 /* UILabel+YYNExtension.m in Sources */,
				0940C9F0221D323400C7697B /* TabbarView.swift in Sources */,
				098B793F22630D4C003B893B /* YYNCache.swift in Sources */,
				0990C9E2226CB13000276373 /* MultipleInputCell.swift in Sources */,
				09483FD2221EAE92002D4937 /* ECQRCodeScanView.m in Sources */,
				09434FFE22681985000A7777 /* Array+Utils.swift in Sources */,
				0940C960221D034800C7697B /* YYDateUtil.swift in Sources */,
				0940C9F1221D323400C7697B /* YYDatePickerView.swift in Sources */,
				BED675FC2269748000591AA2 /* MaintainViewController.swift in Sources */,
				0940C9E6221D323400C7697B /* YYAlertController.swift in Sources */,
				0940C95A221D034800C7697B /* YYNSessionManager.m in Sources */,
				0940C9F3221D32C300C7697B /* AppDelegate.swift in Sources */,
				0922CE46226A20450042A220 /* TitleIndexView.m in Sources */,
				0940C9F6221D32E700C7697B /* MainViewController.swift in Sources */,
				0990C9DD226CAFF900276373 /* NSObject+Utils.m in Sources */,
				BED675F822696F0200591AA2 /* CheckViewController.swift in Sources */,
				09483FD1221EAE92002D4937 /* ECScanResultView.m in Sources */,
				0940CA01221D34D000C7697B /* MineViewController.swift in Sources */,
				098B795022633E52003B893B /* TitleValueVTableViewCell.swift in Sources */,
				09B7F440226A231D0096F056 /* DMLazyScrollView.m in Sources */,
				0940C957221D034800C7697B /* UIColor+Extension.swift in Sources */,
				09A476E5226AE13600C5F922 /* HandyJson+Extension.swift in Sources */,
				0940C9EE221D323400C7697B /* TitleSwitchTableViewCell.swift in Sources */,
				0940C961221D034800C7697B /* ProgressHUD.m in Sources */,
				098B7935226309E6003B893B /* LoginViewController.swift in Sources */,
				09483FCB221EAE92002D4937 /* ECQRCodeScanVC.m in Sources */,
				0922CE49226A206B0042A220 /* NSString+CalculateSize.m in Sources */,
				0940CA07221D53EE00C7697B /* TaskListCell.swift in Sources */,
				098B794D22632D99003B893B /* CommonOptionsModel.swift in Sources */,
				0940C9ED221D323400C7697B /* TitleTimeRangeTableViewCell.swift in Sources */,
				098B794422630DD6003B893B /* CommonCellDataModel.swift in Sources */,
				098B794822632B24003B893B /* DaylyRecordViewController.swift in Sources */,
				BED6760B2269A19700591AA2 /* SettingTableViewCell.m in Sources */,
				0940C958221D034800C7697B /* UIController+SelectImage.swift in Sources */,
				0940C9FB221D34A500C7697B /* HomePageViewController.swift in Sources */,
				0940C9FE221D34BB00C7697B /* TaskViewController.swift in Sources */,
				0940CA15221D647E00C7697B /* MineHeaderCell.swift in Sources */,
				BED676002269749E00591AA2 /* SettingViewController.swift in Sources */,
				BED676132269A3C900591AA2 /* NSDictionary+EX.m in Sources */,
				0940C9E3221D323300C7697B /* KeyboardHeaderView.m in Sources */,
				09483FD0221EAE92002D4937 /* ECScanResultWebView.m in Sources */,
				BECD407A226DA69D00FFF07C /* OilingStandardsCell.m in Sources */,
				09434FFC226810E4000A7777 /* CGFloat+Utils.swift in Sources */,
				0940C95B221D034800C7697B /* CommonCellUtil.swift in Sources */,
				09B7F451226A2FE00096F056 /* CheckUPModel.m in Sources */,
				09B7F444226A23DB0096F056 /* CheckUPViewController.m in Sources */,
				09F687C4226ABE540016D0B4 /* PushUtils.m in Sources */,
				0922CE43226A1CBC0042A220 /* BaseOCViewController.m in Sources */,
			);
			runOnlyForDeploymentPostprocessing = 0;
		};
/* End PBXSourcesBuildPhase section */

/* Begin PBXVariantGroup section */
		0940C92D221CF97F00C7697B /* Main.storyboard */ = {
			isa = PBXVariantGroup;
			children = (
				0940C92E221CF97F00C7697B /* Base */,
			);
			name = Main.storyboard;
			sourceTree = "<group>";
		};
		0940C932221CF98100C7697B /* LaunchScreen.storyboard */ = {
			isa = PBXVariantGroup;
			children = (
				0940C933221CF98100C7697B /* Base */,
			);
			name = LaunchScreen.storyboard;
			sourceTree = "<group>";
		};
/* End PBXVariantGroup section */

/* Begin XCBuildConfiguration section */
		0940C936221CF98100C7697B /* Debug */ = {
			isa = XCBuildConfiguration;
			buildSettings = {
				ALWAYS_SEARCH_USER_PATHS = NO;
				CLANG_ANALYZER_NONNULL = YES;
				CLANG_ANALYZER_NUMBER_OBJECT_CONVERSION = YES_AGGRESSIVE;
				CLANG_CXX_LANGUAGE_STANDARD = "gnu++14";
				CLANG_CXX_LIBRARY = "libc++";
				CLANG_ENABLE_MODULES = YES;
				CLANG_ENABLE_OBJC_ARC = YES;
				CLANG_ENABLE_OBJC_WEAK = YES;
				CLANG_WARN_BLOCK_CAPTURE_AUTORELEASING = YES;
				CLANG_WARN_BOOL_CONVERSION = YES;
				CLANG_WARN_COMMA = YES;
				CLANG_WARN_CONSTANT_CONVERSION = YES;
				CLANG_WARN_DEPRECATED_OBJC_IMPLEMENTATIONS = YES;
				CLANG_WARN_DIRECT_OBJC_ISA_USAGE = YES_ERROR;
				CLANG_WARN_DOCUMENTATION_COMMENTS = YES;
				CLANG_WARN_EMPTY_BODY = YES;
				CLANG_WARN_ENUM_CONVERSION = YES;
				CLANG_WARN_INFINITE_RECURSION = YES;
				CLANG_WARN_INT_CONVERSION = YES;
				CLANG_WARN_NON_LITERAL_NULL_CONVERSION = YES;
				CLANG_WARN_OBJC_IMPLICIT_RETAIN_SELF = YES;
				CLANG_WARN_OBJC_LITERAL_CONVERSION = YES;
				CLANG_WARN_OBJC_ROOT_CLASS = YES_ERROR;
				CLANG_WARN_RANGE_LOOP_ANALYSIS = YES;
				CLANG_WARN_STRICT_PROTOTYPES = YES;
				CLANG_WARN_SUSPICIOUS_MOVE = YES;
				CLANG_WARN_UNGUARDED_AVAILABILITY = YES_AGGRESSIVE;
				CLANG_WARN_UNREACHABLE_CODE = YES;
				CLANG_WARN__DUPLICATE_METHOD_MATCH = YES;
				CODE_SIGN_IDENTITY = "iPhone Developer";
				COPY_PHASE_STRIP = NO;
				DEBUG_INFORMATION_FORMAT = dwarf;
				ENABLE_STRICT_OBJC_MSGSEND = YES;
				ENABLE_TESTABILITY = YES;
				GCC_C_LANGUAGE_STANDARD = gnu11;
				GCC_DYNAMIC_NO_PIC = NO;
				GCC_NO_COMMON_BLOCKS = YES;
				GCC_OPTIMIZATION_LEVEL = 0;
				GCC_PREPROCESSOR_DEFINITIONS = (
					"DEBUG=1",
					"$(inherited)",
				);
				GCC_WARN_64_TO_32_BIT_CONVERSION = YES;
				GCC_WARN_ABOUT_RETURN_TYPE = YES_ERROR;
				GCC_WARN_UNDECLARED_SELECTOR = YES;
				GCC_WARN_UNINITIALIZED_AUTOS = YES_AGGRESSIVE;
				GCC_WARN_UNUSED_FUNCTION = YES;
				GCC_WARN_UNUSED_VARIABLE = YES;
				IPHONEOS_DEPLOYMENT_TARGET = 12.1;
				MTL_ENABLE_DEBUG_INFO = INCLUDE_SOURCE;
				MTL_FAST_MATH = YES;
				ONLY_ACTIVE_ARCH = YES;
				SDKROOT = iphoneos;
				SWIFT_ACTIVE_COMPILATION_CONDITIONS = DEBUG;
				SWIFT_OPTIMIZATION_LEVEL = "-Onone";
			};
			name = Debug;
		};
		0940C937221CF98100C7697B /* Release */ = {
			isa = XCBuildConfiguration;
			buildSettings = {
				ALWAYS_SEARCH_USER_PATHS = NO;
				CLANG_ANALYZER_NONNULL = YES;
				CLANG_ANALYZER_NUMBER_OBJECT_CONVERSION = YES_AGGRESSIVE;
				CLANG_CXX_LANGUAGE_STANDARD = "gnu++14";
				CLANG_CXX_LIBRARY = "libc++";
				CLANG_ENABLE_MODULES = YES;
				CLANG_ENABLE_OBJC_ARC = YES;
				CLANG_ENABLE_OBJC_WEAK = YES;
				CLANG_WARN_BLOCK_CAPTURE_AUTORELEASING = YES;
				CLANG_WARN_BOOL_CONVERSION = YES;
				CLANG_WARN_COMMA = YES;
				CLANG_WARN_CONSTANT_CONVERSION = YES;
				CLANG_WARN_DEPRECATED_OBJC_IMPLEMENTATIONS = YES;
				CLANG_WARN_DIRECT_OBJC_ISA_USAGE = YES_ERROR;
				CLANG_WARN_DOCUMENTATION_COMMENTS = YES;
				CLANG_WARN_EMPTY_BODY = YES;
				CLANG_WARN_ENUM_CONVERSION = YES;
				CLANG_WARN_INFINITE_RECURSION = YES;
				CLANG_WARN_INT_CONVERSION = YES;
				CLANG_WARN_NON_LITERAL_NULL_CONVERSION = YES;
				CLANG_WARN_OBJC_IMPLICIT_RETAIN_SELF = YES;
				CLANG_WARN_OBJC_LITERAL_CONVERSION = YES;
				CLANG_WARN_OBJC_ROOT_CLASS = YES_ERROR;
				CLANG_WARN_RANGE_LOOP_ANALYSIS = YES;
				CLANG_WARN_STRICT_PROTOTYPES = YES;
				CLANG_WARN_SUSPICIOUS_MOVE = YES;
				CLANG_WARN_UNGUARDED_AVAILABILITY = YES_AGGRESSIVE;
				CLANG_WARN_UNREACHABLE_CODE = YES;
				CLANG_WARN__DUPLICATE_METHOD_MATCH = YES;
				CODE_SIGN_IDENTITY = "iPhone Developer";
				COPY_PHASE_STRIP = NO;
				DEBUG_INFORMATION_FORMAT = "dwarf-with-dsym";
				ENABLE_NS_ASSERTIONS = NO;
				ENABLE_STRICT_OBJC_MSGSEND = YES;
				GCC_C_LANGUAGE_STANDARD = gnu11;
				GCC_NO_COMMON_BLOCKS = YES;
				GCC_WARN_64_TO_32_BIT_CONVERSION = YES;
				GCC_WARN_ABOUT_RETURN_TYPE = YES_ERROR;
				GCC_WARN_UNDECLARED_SELECTOR = YES;
				GCC_WARN_UNINITIALIZED_AUTOS = YES_AGGRESSIVE;
				GCC_WARN_UNUSED_FUNCTION = YES;
				GCC_WARN_UNUSED_VARIABLE = YES;
				IPHONEOS_DEPLOYMENT_TARGET = 12.1;
				MTL_ENABLE_DEBUG_INFO = NO;
				MTL_FAST_MATH = YES;
				SDKROOT = iphoneos;
				SWIFT_COMPILATION_MODE = wholemodule;
				SWIFT_OPTIMIZATION_LEVEL = "-O";
				VALIDATE_PRODUCT = YES;
			};
			name = Release;
		};
		0940C939221CF98100C7697B /* Debug */ = {
			isa = XCBuildConfiguration;
			baseConfigurationReference = 0E13B1AB14BC54BF0B438978 /* Pods-KChecker.debug.xcconfig */;
			buildSettings = {
				ASSETCATALOG_COMPILER_APPICON_NAME = AppIcon;
				CODE_SIGN_ENTITLEMENTS = KChecker/KChecker.entitlements;
				CODE_SIGN_IDENTITY = "iPhone Developer";
				CODE_SIGN_STYLE = Manual;
				DEVELOPMENT_TEAM = WCYQSY2P5P;
				FRAMEWORK_SEARCH_PATHS = (
					"$(inherited)",
					"$(PROJECT_DIR)/KChecker/ThirdParties/OneSDK",
				);
				GCC_PREFIX_HEADER = "$(SRCROOT)/$(PROJECT_NAME)/Definition.pch";
				INFOPLIST_FILE = KChecker/Info.plist;
				LD_RUNPATH_SEARCH_PATHS = (
					"$(inherited)",
					"@executable_path/Frameworks",
				);
				PRODUCT_BUNDLE_IDENTIFIER = com.KChecker.liaoqiang;
				PRODUCT_NAME = "$(TARGET_NAME)";
				PROVISIONING_PROFILE_SPECIFIER = KChecker;
				SWIFT_OBJC_BRIDGING_HEADER = "$(SRCROOT)/$(PROJECT_NAME)/KChecker-Bridging-Header.h";
				SWIFT_VERSION = 4.2;
				TARGETED_DEVICE_FAMILY = "1,2";
				USER_HEADER_SEARCH_PATHS = "$(PODS_ROOT)/**";
			};
			name = Debug;
		};
		0940C93A221CF98100C7697B /* Release */ = {
			isa = XCBuildConfiguration;
			baseConfigurationReference = 144CC2C42E0EC80D76B18D18 /* Pods-KChecker.release.xcconfig */;
			buildSettings = {
				ASSETCATALOG_COMPILER_APPICON_NAME = AppIcon;
				CODE_SIGN_ENTITLEMENTS = KChecker/KChecker.entitlements;
				CODE_SIGN_IDENTITY = "iPhone Distribution";
				CODE_SIGN_STYLE = Manual;
				DEVELOPMENT_TEAM = WCYQSY2P5P;
				FRAMEWORK_SEARCH_PATHS = (
					"$(inherited)",
					"$(PROJECT_DIR)/KChecker/ThirdParties/OneSDK",
				);
				GCC_PREFIX_HEADER = "$(SRCROOT)/$(PROJECT_NAME)/Definition.pch";
				INFOPLIST_FILE = KChecker/Info.plist;
				LD_RUNPATH_SEARCH_PATHS = (
					"$(inherited)",
					"@executable_path/Frameworks",
				);
				PRODUCT_BUNDLE_IDENTIFIER = com.KChecker.liaoqiang;
				PRODUCT_NAME = "$(TARGET_NAME)";
				PROVISIONING_PROFILE_SPECIFIER = "kchecker-hd";
				SWIFT_OBJC_BRIDGING_HEADER = "$(SRCROOT)/$(PROJECT_NAME)/KChecker-Bridging-Header.h";
				SWIFT_VERSION = 4.2;
				TARGETED_DEVICE_FAMILY = "1,2";
				USER_HEADER_SEARCH_PATHS = "$(PODS_ROOT)/**";
			};
			name = Release;
		};
/* End XCBuildConfiguration section */

/* Begin XCConfigurationList section */
		0940C921221CF97F00C7697B /* Build configuration list for PBXProject "KChecker" */ = {
			isa = XCConfigurationList;
			buildConfigurations = (
				0940C936221CF98100C7697B /* Debug */,
				0940C937221CF98100C7697B /* Release */,
			);
			defaultConfigurationIsVisible = 0;
			defaultConfigurationName = Release;
		};
		0940C938221CF98100C7697B /* Build configuration list for PBXNativeTarget "KChecker" */ = {
			isa = XCConfigurationList;
			buildConfigurations = (
				0940C939221CF98100C7697B /* Debug */,
				0940C93A221CF98100C7697B /* Release */,
			);
			defaultConfigurationIsVisible = 0;
			defaultConfigurationName = Release;
		};
/* End XCConfigurationList section */
	};
	rootObject = 0940C91E221CF97F00C7697B /* Project object */;
}
